Microsoft Visual Studio Solution File, Format Version 12.00
# Visual Studio Version 18
VisualStudioVersion = 18.0.11005.162
MinimumVisualStudioVersion = 10.0.40219.1
Project("{9A19103F-16F7-4668-BE54-9A1E7A4F7556}") = "CrissCross", "CrissCross\CrissCross.csproj", "{C7547508-6BC9-46E6-A4B2-C9A359F19943}"
EndProject
Project("{9A19103F-16F7-4668-BE54-9A1E7A4F7556}") = "CrissCross.WPF", "CrissCross.WPF\CrissCross.WPF.csproj", "{29C009B8-BEEE-41BD-B674-C555FAC34448}"
EndProject
Project("{9A19103F-16F7-4668-BE54-9A1E7A4F7556}") = "CrissCross.WPF.Test", "CrissCross.WPF.Test\CrissCross.WPF.Test.csproj", "{AB1DD661-F690-41EB-BB52-A3962E4754B7}"
EndProject
Project("{9A19103F-16F7-4668-BE54-9A1E7A4F7556}") = "CrissCross.XamForms", "CrissCross.XamForms\CrissCross.XamForms.csproj", "{3A02550F-915D-457E-9E0D-11AB03CBF7A3}"
EndProject
Project("{9A19103F-16F7-4668-BE54-9A1E7A4F7556}") = "CrissCross.XamForms.Test", "CrissCross.XamForms.Test\CrissCross.XamForms.Test\CrissCross.XamForms.Test.csproj", "{EEB77622-876E-4497-BE54-059C833043BA}"
EndProject
Project("{2150E333-8FDC-42A3-9474-1A3956D46DE8}") = "SolutionSettings", "SolutionSettings", "{9E46C77C-6C76-4485-A868-1EAE571C68E7}"
	ProjectSection(SolutionItems) = preProject
		..\.editorconfig = ..\.editorconfig
		..\Directory.Build.props = ..\Directory.Build.props
		..\global.json = ..\global.json
		..\LICENSE = ..\LICENSE
		..\README.md = ..\README.md
		..\stylecop.json = ..\stylecop.json
		..\version.json = ..\version.json
	EndProjectSection
EndProject
Project("{9A19103F-16F7-4668-BE54-9A1E7A4F7556}") = "CrissCross.MAUI", "CrissCross.MAUI\CrissCross.MAUI.csproj", "{2F15A5EB-738B-49D2-9ECF-283D560C69C4}"
EndProject
Project("{9A19103F-16F7-4668-BE54-9A1E7A4F7556}") = "CrissCross.MAUI.Test", "CrissCross.MAUI.Test\CrissCross.MAUI.Test.csproj", "{81BFCAE9-867A-40E8-B45A-DDC9573849C7}"
EndProject
Project("{9A19103F-16F7-4668-BE54-9A1E7A4F7556}") = "CrissCross.WinForms", "CrissCross.WinForms\CrissCross.WinForms.csproj", "{C890F2B2-948D-4B64-B9F0-2EA8EC972260}"
EndProject
Project("{9A19103F-16F7-4668-BE54-9A1E7A4F7556}") = "CrissCross.WinForms.Test", "CrissCross.WinForms.Test\CrissCross.WinForms.Test.csproj", "{FB577E7B-0176-452D-B8EA-97ED330CD4D0}"
EndProject
Project("{9A19103F-16F7-4668-BE54-9A1E7A4F7556}") = "CrissCross.Avalonia", "CrissCross.Avalonia\CrissCross.Avalonia.csproj", "{19F9B867-9E47-4117-9A78-E970438A06CB}"
EndProject
Project("{9A19103F-16F7-4668-BE54-9A1E7A4F7556}") = "CrissCross.Avalonia.Test", "CrissCross.Avalonia.Test\CrissCross.Avalonia.Test.csproj", "{83A4F6CE-F300-4857-8A3A-8E0556CC7950}"
EndProject
Project("{9A19103F-16F7-4668-BE54-9A1E7A4F7556}") = "CrissCross.Avalonia.Test.Android", "CrissCross.Avalonia.Test.Android\CrissCross.Avalonia.Test.Android.csproj", "{98FB7ABE-DBE3-43EF-8102-D024F44B3FD0}"
EndProject
Project("{9A19103F-16F7-4668-BE54-9A1E7A4F7556}") = "CrissCross.Avalonia.Test.Desktop", "CrissCross.Avalonia.Test.Desktop\CrissCross.Avalonia.Test.Desktop.csproj", "{40AE1185-3C26-40C2-BB99-95D2BBACBDA4}"
EndProject
Project("{9A19103F-16F7-4668-BE54-9A1E7A4F7556}") = "CrissCross.Avalonia.Test.iOS", "CrissCross.Avalonia.Test.iOS\CrissCross.Avalonia.Test.iOS.csproj", "{446BE86D-4FFF-4EEF-A7EA-55E64C56C427}"
EndProject
Project("{9A19103F-16F7-4668-BE54-9A1E7A4F7556}") = "CrissCross.Avalonia.Test.Browser", "CrissCross.Avalonia.Test.Browser\CrissCross.Avalonia.Test.Browser.csproj", "{9FAFD4D5-8F1D-4F2C-AF02-F6E8EACF625C}"
EndProject
Project("{9A19103F-16F7-4668-BE54-9A1E7A4F7556}") = "_build", "..\build\_build.csproj", "{5EE82A1C-BA2C-4C1D-9437-07E02E1E5770}"
EndProject
Project("{2150E333-8FDC-42A3-9474-1A3956D46DE8}") = "TestApps", "TestApps", "{515C2FFD-32C9-4521-9671-A50B922CE976}"
EndProject
Project("{9A19103F-16F7-4668-BE54-9A1E7A4F7556}") = "CrissCross.WPF.WebView2", "CrissCross.WPF.WebView2\CrissCross.WPF.WebView2.csproj", "{F4CC4138-0B98-49AA-80B3-3D790A619CBC}"
EndProject
Project("{9A19103F-16F7-4668-BE54-9A1E7A4F7556}") = "CrissCross.WPF.WebView2.Test", "CrissCross.WPF.WebView2.Test\CrissCross.WPF.WebView2.Test.csproj", "{83C17C17-D457-4E6E-B460-A5755B04D38D}"
EndProject
Project("{9A19103F-16F7-4668-BE54-9A1E7A4F7556}") = "CrissCross.WPF.UI", "CrissCross.WPF.UI\CrissCross.WPF.UI.csproj", "{86FBA10C-FE2F-422F-BDEC-EA888F8663B0}"
EndProject
Project("{9A19103F-16F7-4668-BE54-9A1E7A4F7556}") = "CrissCross.WPF.UI.Test", "CrissCross.WPF.UI.Test\CrissCross.WPF.UI.Test.csproj", "{93F5CEFA-AB26-4530-A918-924F95F9A9A7}"
EndProject
Project("{9A19103F-16F7-4668-BE54-9A1E7A4F7556}") = "CrissCross.WPF.UI.CC_Nav.Test", "CrissCross.WPF.UI.CC_Nav.Test\CrissCross.WPF.UI.CC_Nav.Test.csproj", "{B9916462-57B0-4F2F-8D79-BFAED0894AD1}"
EndProject
Project("{9A19103F-16F7-4668-BE54-9A1E7A4F7556}") = "CrissCross.WPF.Plot", "CrissCross.WPF.Plot\CrissCross.WPF.Plot.csproj", "{AE758CAF-4B9E-48EC-9BBF-81DCD19AFD4E}"
EndProject
Project("{FAE04EC0-301F-11D3-BF4B-00C04F79EFBC}") = "CrissCross.WPF.UI.Gallery", "CrissCross.WPF.UI.Gallery\CrissCross.WPF.UI.Gallery.csproj", "{EFB79B68-F718-4DFD-AC44-95C78F0E7E8C}"
EndProject
Project("{FAE04EC0-301F-11D3-BF4B-00C04F79EFBC}") = "CrissCross.WPF.Plot.Test", "CrissCross.WPF.Plot.Test\CrissCross.WPF.Plot.Test.csproj", "{883E51DA-7B6D-D54D-1946-C71DE29CD127}"
EndProject
Project("{2150E333-8FDC-42A3-9474-1A3956D46DE8}") = "Benchmarks", "Benchmarks", "{D941061B-AC9E-4E49-A875-143AF1978A2E}"
EndProject
Project("{FAE04EC0-301F-11D3-BF4B-00C04F79EFBC}") = "CrissCross.WPF.Benchmarks", "CrissCross.WPF.Benchmarks\CrissCross.WPF.Benchmarks.csproj", "{212A14C2-9470-406D-71EB-7C01B39977AC}"
EndProject
Project("{FAE04EC0-301F-11D3-BF4B-00C04F79EFBC}") = "CrissCross.MAUI.Benchmarks", "CrissCross.MAUI.Benchmarks\CrissCross.MAUI.Benchmarks.csproj", "{73955CC3-E029-88ED-0A2D-CC532A5A555C}"
EndProject
Project("{FAE04EC0-301F-11D3-BF4B-00C04F79EFBC}") = "CrissCross.WinForms.Benchmarks", "CrissCross.WinForms.Benchmarks\CrissCross.WinForms.Benchmarks.csproj", "{2EA3BF75-4FEA-2F80-4A10-F46EC40644A6}"
EndProject
Project("{FAE04EC0-301F-11D3-BF4B-00C04F79EFBC}") = "CrissCross.Avalonia.Benchmarks", "CrissCross.Avalonia.Benchmarks\CrissCross.Avalonia.Benchmarks.csproj", "{FA20A8E5-BA01-1898-45F3-0E2BAF03EAB2}"
EndProject
Project("{FAE04EC0-301F-11D3-BF4B-00C04F79EFBC}") = "CrissCross.Avalonia.UI", "CrissCross.Avalonia.UI\CrissCross.Avalonia.UI.csproj", "{4B4DEF36-6B82-9EB6-3CB3-682144B7F7F8}"
EndProject
Project("{FAE04EC0-301F-11D3-BF4B-00C04F79EFBC}") = "CrissCross.Avalonia.UI.Gallery", "CrissCross.Avalonia.UI.Gallery\CrissCross.Avalonia.UI.Gallery.csproj", "{E0317D26-2507-1808-BCD3-0F65917EEDBD}"
EndProject
Global
	GlobalSection(SolutionConfigurationPlatforms) = preSolution
		Debug|Any CPU = Debug|Any CPU
		Debug|ARM = Debug|ARM
		Debug|iPhone = Debug|iPhone
		Debug|iPhoneSimulator = Debug|iPhoneSimulator
		Debug|x64 = Debug|x64
		Debug|x86 = Debug|x86
		Release|Any CPU = Release|Any CPU
		Release|ARM = Release|ARM
		Release|iPhone = Release|iPhone
		Release|iPhoneSimulator = Release|iPhoneSimulator
		Release|x64 = Release|x64
		Release|x86 = Release|x86
	EndGlobalSection
	GlobalSection(ProjectConfigurationPlatforms) = postSolution
		{C7547508-6BC9-46E6-A4B2-C9A359F19943}.Debug|Any CPU.ActiveCfg = Debug|Any CPU
		{C7547508-6BC9-46E6-A4B2-C9A359F19943}.Debug|Any CPU.Build.0 = Debug|Any CPU
		{C7547508-6BC9-46E6-A4B2-C9A359F19943}.Debug|ARM.ActiveCfg = Debug|Any CPU
		{C7547508-6BC9-46E6-A4B2-C9A359F19943}.Debug|ARM.Build.0 = Debug|Any CPU
		{C7547508-6BC9-46E6-A4B2-C9A359F19943}.Debug|iPhone.ActiveCfg = Debug|Any CPU
		{C7547508-6BC9-46E6-A4B2-C9A359F19943}.Debug|iPhone.Build.0 = Debug|Any CPU
		{C7547508-6BC9-46E6-A4B2-C9A359F19943}.Debug|iPhoneSimulator.ActiveCfg = Debug|Any CPU
		{C7547508-6BC9-46E6-A4B2-C9A359F19943}.Debug|iPhoneSimulator.Build.0 = Debug|Any CPU
		{C7547508-6BC9-46E6-A4B2-C9A359F19943}.Debug|x64.ActiveCfg = Debug|Any CPU
		{C7547508-6BC9-46E6-A4B2-C9A359F19943}.Debug|x64.Build.0 = Debug|Any CPU
		{C7547508-6BC9-46E6-A4B2-C9A359F19943}.Debug|x86.ActiveCfg = Debug|Any CPU
		{C7547508-6BC9-46E6-A4B2-C9A359F19943}.Debug|x86.Build.0 = Debug|Any CPU
		{C7547508-6BC9-46E6-A4B2-C9A359F19943}.Release|Any CPU.ActiveCfg = Release|Any CPU
		{C7547508-6BC9-46E6-A4B2-C9A359F19943}.Release|Any CPU.Build.0 = Release|Any CPU
		{C7547508-6BC9-46E6-A4B2-C9A359F19943}.Release|ARM.ActiveCfg = Release|Any CPU
		{C7547508-6BC9-46E6-A4B2-C9A359F19943}.Release|ARM.Build.0 = Release|Any CPU
		{C7547508-6BC9-46E6-A4B2-C9A359F19943}.Release|iPhone.ActiveCfg = Release|Any CPU
		{C7547508-6BC9-46E6-A4B2-C9A359F19943}.Release|iPhone.Build.0 = Release|Any CPU
		{C7547508-6BC9-46E6-A4B2-C9A359F19943}.Release|iPhoneSimulator.ActiveCfg = Release|Any CPU
		{C7547508-6BC9-46E6-A4B2-C9A359F19943}.Release|iPhoneSimulator.Build.0 = Release|Any CPU
		{C7547508-6BC9-46E6-A4B2-C9A359F19943}.Release|x64.ActiveCfg = Release|Any CPU
		{C7547508-6BC9-46E6-A4B2-C9A359F19943}.Release|x64.Build.0 = Release|Any CPU
		{C7547508-6BC9-46E6-A4B2-C9A359F19943}.Release|x86.ActiveCfg = Release|Any CPU
		{C7547508-6BC9-46E6-A4B2-C9A359F19943}.Release|x86.Build.0 = Release|Any CPU
		{29C009B8-BEEE-41BD-B674-C555FAC34448}.Debug|Any CPU.ActiveCfg = Debug|Any CPU
		{29C009B8-BEEE-41BD-B674-C555FAC34448}.Debug|Any CPU.Build.0 = Debug|Any CPU
		{29C009B8-BEEE-41BD-B674-C555FAC34448}.Debug|ARM.ActiveCfg = Debug|Any CPU
		{29C009B8-BEEE-41BD-B674-C555FAC34448}.Debug|ARM.Build.0 = Debug|Any CPU
		{29C009B8-BEEE-41BD-B674-C555FAC34448}.Debug|iPhone.ActiveCfg = Debug|Any CPU
		{29C009B8-BEEE-41BD-B674-C555FAC34448}.Debug|iPhone.Build.0 = Debug|Any CPU
		{29C009B8-BEEE-41BD-B674-C555FAC34448}.Debug|iPhoneSimulator.ActiveCfg = Debug|Any CPU
		{29C009B8-BEEE-41BD-B674-C555FAC34448}.Debug|iPhoneSimulator.Build.0 = Debug|Any CPU
		{29C009B8-BEEE-41BD-B674-C555FAC34448}.Debug|x64.ActiveCfg = Debug|Any CPU
		{29C009B8-BEEE-41BD-B674-C555FAC34448}.Debug|x64.Build.0 = Debug|Any CPU
		{29C009B8-BEEE-41BD-B674-C555FAC34448}.Debug|x86.ActiveCfg = Debug|Any CPU
		{29C009B8-BEEE-41BD-B674-C555FAC34448}.Debug|x86.Build.0 = Debug|Any CPU
		{29C009B8-BEEE-41BD-B674-C555FAC34448}.Release|Any CPU.ActiveCfg = Release|Any CPU
		{29C009B8-BEEE-41BD-B674-C555FAC34448}.Release|Any CPU.Build.0 = Release|Any CPU
		{29C009B8-BEEE-41BD-B674-C555FAC34448}.Release|ARM.ActiveCfg = Release|Any CPU
		{29C009B8-BEEE-41BD-B674-C555FAC34448}.Release|ARM.Build.0 = Release|Any CPU
		{29C009B8-BEEE-41BD-B674-C555FAC34448}.Release|iPhone.ActiveCfg = Release|Any CPU
		{29C009B8-BEEE-41BD-B674-C555FAC34448}.Release|iPhone.Build.0 = Release|Any CPU
		{29C009B8-BEEE-41BD-B674-C555FAC34448}.Release|iPhoneSimulator.ActiveCfg = Release|Any CPU
		{29C009B8-BEEE-41BD-B674-C555FAC34448}.Release|iPhoneSimulator.Build.0 = Release|Any CPU
		{29C009B8-BEEE-41BD-B674-C555FAC34448}.Release|x64.ActiveCfg = Release|Any CPU
		{29C009B8-BEEE-41BD-B674-C555FAC34448}.Release|x64.Build.0 = Release|Any CPU
		{29C009B8-BEEE-41BD-B674-C555FAC34448}.Release|x86.ActiveCfg = Release|Any CPU
		{29C009B8-BEEE-41BD-B674-C555FAC34448}.Release|x86.Build.0 = Release|Any CPU
		{AB1DD661-F690-41EB-BB52-A3962E4754B7}.Debug|Any CPU.ActiveCfg = Debug|Any CPU
		{AB1DD661-F690-41EB-BB52-A3962E4754B7}.Debug|Any CPU.Build.0 = Debug|Any CPU
		{AB1DD661-F690-41EB-BB52-A3962E4754B7}.Debug|ARM.ActiveCfg = Debug|Any CPU
		{AB1DD661-F690-41EB-BB52-A3962E4754B7}.Debug|ARM.Build.0 = Debug|Any CPU
		{AB1DD661-F690-41EB-BB52-A3962E4754B7}.Debug|iPhone.ActiveCfg = Debug|Any CPU
		{AB1DD661-F690-41EB-BB52-A3962E4754B7}.Debug|iPhone.Build.0 = Debug|Any CPU
		{AB1DD661-F690-41EB-BB52-A3962E4754B7}.Debug|iPhoneSimulator.ActiveCfg = Debug|Any CPU
		{AB1DD661-F690-41EB-BB52-A3962E4754B7}.Debug|iPhoneSimulator.Build.0 = Debug|Any CPU
		{AB1DD661-F690-41EB-BB52-A3962E4754B7}.Debug|x64.ActiveCfg = Debug|Any CPU
		{AB1DD661-F690-41EB-BB52-A3962E4754B7}.Debug|x64.Build.0 = Debug|Any CPU
		{AB1DD661-F690-41EB-BB52-A3962E4754B7}.Debug|x86.ActiveCfg = Debug|Any CPU
		{AB1DD661-F690-41EB-BB52-A3962E4754B7}.Debug|x86.Build.0 = Debug|Any CPU
		{AB1DD661-F690-41EB-BB52-A3962E4754B7}.Release|Any CPU.ActiveCfg = Release|Any CPU
		{AB1DD661-F690-41EB-BB52-A3962E4754B7}.Release|ARM.ActiveCfg = Release|Any CPU
		{AB1DD661-F690-41EB-BB52-A3962E4754B7}.Release|ARM.Build.0 = Release|Any CPU
		{AB1DD661-F690-41EB-BB52-A3962E4754B7}.Release|iPhone.ActiveCfg = Release|Any CPU
		{AB1DD661-F690-41EB-BB52-A3962E4754B7}.Release|iPhone.Build.0 = Release|Any CPU
		{AB1DD661-F690-41EB-BB52-A3962E4754B7}.Release|iPhoneSimulator.ActiveCfg = Release|Any CPU
		{AB1DD661-F690-41EB-BB52-A3962E4754B7}.Release|iPhoneSimulator.Build.0 = Release|Any CPU
		{AB1DD661-F690-41EB-BB52-A3962E4754B7}.Release|x64.ActiveCfg = Release|Any CPU
		{AB1DD661-F690-41EB-BB52-A3962E4754B7}.Release|x64.Build.0 = Release|Any CPU
		{AB1DD661-F690-41EB-BB52-A3962E4754B7}.Release|x86.ActiveCfg = Release|Any CPU
		{AB1DD661-F690-41EB-BB52-A3962E4754B7}.Release|x86.Build.0 = Release|Any CPU
		{3A02550F-915D-457E-9E0D-11AB03CBF7A3}.Debug|Any CPU.ActiveCfg = Debug|Any CPU
		{3A02550F-915D-457E-9E0D-11AB03CBF7A3}.Debug|Any CPU.Build.0 = Debug|Any CPU
		{3A02550F-915D-457E-9E0D-11AB03CBF7A3}.Debug|ARM.ActiveCfg = Debug|Any CPU
		{3A02550F-915D-457E-9E0D-11AB03CBF7A3}.Debug|ARM.Build.0 = Debug|Any CPU
		{3A02550F-915D-457E-9E0D-11AB03CBF7A3}.Debug|iPhone.ActiveCfg = Debug|Any CPU
		{3A02550F-915D-457E-9E0D-11AB03CBF7A3}.Debug|iPhone.Build.0 = Debug|Any CPU
		{3A02550F-915D-457E-9E0D-11AB03CBF7A3}.Debug|iPhoneSimulator.ActiveCfg = Debug|Any CPU
		{3A02550F-915D-457E-9E0D-11AB03CBF7A3}.Debug|iPhoneSimulator.Build.0 = Debug|Any CPU
		{3A02550F-915D-457E-9E0D-11AB03CBF7A3}.Debug|x64.ActiveCfg = Debug|Any CPU
		{3A02550F-915D-457E-9E0D-11AB03CBF7A3}.Debug|x64.Build.0 = Debug|Any CPU
		{3A02550F-915D-457E-9E0D-11AB03CBF7A3}.Debug|x86.ActiveCfg = Debug|Any CPU
		{3A02550F-915D-457E-9E0D-11AB03CBF7A3}.Debug|x86.Build.0 = Debug|Any CPU
		{3A02550F-915D-457E-9E0D-11AB03CBF7A3}.Release|Any CPU.ActiveCfg = Release|Any CPU
		{3A02550F-915D-457E-9E0D-11AB03CBF7A3}.Release|Any CPU.Build.0 = Release|Any CPU
		{3A02550F-915D-457E-9E0D-11AB03CBF7A3}.Release|ARM.ActiveCfg = Release|Any CPU
		{3A02550F-915D-457E-9E0D-11AB03CBF7A3}.Release|ARM.Build.0 = Release|Any CPU
		{3A02550F-915D-457E-9E0D-11AB03CBF7A3}.Release|iPhone.ActiveCfg = Release|Any CPU
		{3A02550F-915D-457E-9E0D-11AB03CBF7A3}.Release|iPhone.Build.0 = Release|Any CPU
		{3A02550F-915D-457E-9E0D-11AB03CBF7A3}.Release|iPhoneSimulator.ActiveCfg = Release|Any CPU
		{3A02550F-915D-457E-9E0D-11AB03CBF7A3}.Release|iPhoneSimulator.Build.0 = Release|Any CPU
		{3A02550F-915D-457E-9E0D-11AB03CBF7A3}.Release|x64.ActiveCfg = Release|Any CPU
		{3A02550F-915D-457E-9E0D-11AB03CBF7A3}.Release|x64.Build.0 = Release|Any CPU
		{3A02550F-915D-457E-9E0D-11AB03CBF7A3}.Release|x86.ActiveCfg = Release|Any CPU
		{3A02550F-915D-457E-9E0D-11AB03CBF7A3}.Release|x86.Build.0 = Release|Any CPU
		{EEB77622-876E-4497-BE54-059C833043BA}.Debug|Any CPU.ActiveCfg = Debug|Any CPU
		{EEB77622-876E-4497-BE54-059C833043BA}.Debug|Any CPU.Build.0 = Debug|Any CPU
		{EEB77622-876E-4497-BE54-059C833043BA}.Debug|ARM.ActiveCfg = Debug|Any CPU
		{EEB77622-876E-4497-BE54-059C833043BA}.Debug|ARM.Build.0 = Debug|Any CPU
		{EEB77622-876E-4497-BE54-059C833043BA}.Debug|iPhone.ActiveCfg = Debug|Any CPU
		{EEB77622-876E-4497-BE54-059C833043BA}.Debug|iPhone.Build.0 = Debug|Any CPU
		{EEB77622-876E-4497-BE54-059C833043BA}.Debug|iPhoneSimulator.ActiveCfg = Debug|Any CPU
		{EEB77622-876E-4497-BE54-059C833043BA}.Debug|iPhoneSimulator.Build.0 = Debug|Any CPU
		{EEB77622-876E-4497-BE54-059C833043BA}.Debug|x64.ActiveCfg = Debug|Any CPU
		{EEB77622-876E-4497-BE54-059C833043BA}.Debug|x64.Build.0 = Debug|Any CPU
		{EEB77622-876E-4497-BE54-059C833043BA}.Debug|x86.ActiveCfg = Debug|Any CPU
		{EEB77622-876E-4497-BE54-059C833043BA}.Debug|x86.Build.0 = Debug|Any CPU
		{EEB77622-876E-4497-BE54-059C833043BA}.Release|Any CPU.ActiveCfg = Release|Any CPU
		{EEB77622-876E-4497-BE54-059C833043BA}.Release|ARM.ActiveCfg = Release|Any CPU
		{EEB77622-876E-4497-BE54-059C833043BA}.Release|ARM.Build.0 = Release|Any CPU
		{EEB77622-876E-4497-BE54-059C833043BA}.Release|iPhone.ActiveCfg = Release|Any CPU
		{EEB77622-876E-4497-BE54-059C833043BA}.Release|iPhone.Build.0 = Release|Any CPU
		{EEB77622-876E-4497-BE54-059C833043BA}.Release|iPhoneSimulator.ActiveCfg = Release|Any CPU
		{EEB77622-876E-4497-BE54-059C833043BA}.Release|iPhoneSimulator.Build.0 = Release|Any CPU
		{EEB77622-876E-4497-BE54-059C833043BA}.Release|x64.ActiveCfg = Release|Any CPU
		{EEB77622-876E-4497-BE54-059C833043BA}.Release|x64.Build.0 = Release|Any CPU
		{EEB77622-876E-4497-BE54-059C833043BA}.Release|x86.ActiveCfg = Release|Any CPU
		{EEB77622-876E-4497-BE54-059C833043BA}.Release|x86.Build.0 = Release|Any CPU
		{2F15A5EB-738B-49D2-9ECF-283D560C69C4}.Debug|Any CPU.ActiveCfg = Debug|Any CPU
		{2F15A5EB-738B-49D2-9ECF-283D560C69C4}.Debug|Any CPU.Build.0 = Debug|Any CPU
		{2F15A5EB-738B-49D2-9ECF-283D560C69C4}.Debug|ARM.ActiveCfg = Debug|Any CPU
		{2F15A5EB-738B-49D2-9ECF-283D560C69C4}.Debug|ARM.Build.0 = Debug|Any CPU
		{2F15A5EB-738B-49D2-9ECF-283D560C69C4}.Debug|iPhone.ActiveCfg = Debug|Any CPU
		{2F15A5EB-738B-49D2-9ECF-283D560C69C4}.Debug|iPhone.Build.0 = Debug|Any CPU
		{2F15A5EB-738B-49D2-9ECF-283D560C69C4}.Debug|iPhoneSimulator.ActiveCfg = Debug|Any CPU
		{2F15A5EB-738B-49D2-9ECF-283D560C69C4}.Debug|iPhoneSimulator.Build.0 = Debug|Any CPU
		{2F15A5EB-738B-49D2-9ECF-283D560C69C4}.Debug|x64.ActiveCfg = Debug|Any CPU
		{2F15A5EB-738B-49D2-9ECF-283D560C69C4}.Debug|x64.Build.0 = Debug|Any CPU
		{2F15A5EB-738B-49D2-9ECF-283D560C69C4}.Debug|x86.ActiveCfg = Debug|Any CPU
		{2F15A5EB-738B-49D2-9ECF-283D560C69C4}.Debug|x86.Build.0 = Debug|Any CPU
		{2F15A5EB-738B-49D2-9ECF-283D560C69C4}.Release|Any CPU.ActiveCfg = Release|Any CPU
		{2F15A5EB-738B-49D2-9ECF-283D560C69C4}.Release|Any CPU.Build.0 = Release|Any CPU
		{2F15A5EB-738B-49D2-9ECF-283D560C69C4}.Release|ARM.ActiveCfg = Release|Any CPU
		{2F15A5EB-738B-49D2-9ECF-283D560C69C4}.Release|ARM.Build.0 = Release|Any CPU
		{2F15A5EB-738B-49D2-9ECF-283D560C69C4}.Release|iPhone.ActiveCfg = Release|Any CPU
		{2F15A5EB-738B-49D2-9ECF-283D560C69C4}.Release|iPhone.Build.0 = Release|Any CPU
		{2F15A5EB-738B-49D2-9ECF-283D560C69C4}.Release|iPhoneSimulator.ActiveCfg = Release|Any CPU
		{2F15A5EB-738B-49D2-9ECF-283D560C69C4}.Release|iPhoneSimulator.Build.0 = Release|Any CPU
		{2F15A5EB-738B-49D2-9ECF-283D560C69C4}.Release|x64.ActiveCfg = Release|Any CPU
		{2F15A5EB-738B-49D2-9ECF-283D560C69C4}.Release|x64.Build.0 = Release|Any CPU
		{2F15A5EB-738B-49D2-9ECF-283D560C69C4}.Release|x86.ActiveCfg = Release|Any CPU
		{2F15A5EB-738B-49D2-9ECF-283D560C69C4}.Release|x86.Build.0 = Release|Any CPU
		{81BFCAE9-867A-40E8-B45A-DDC9573849C7}.Debug|Any CPU.ActiveCfg = Debug|Any CPU
		{81BFCAE9-867A-40E8-B45A-DDC9573849C7}.Debug|Any CPU.Build.0 = Debug|Any CPU
		{81BFCAE9-867A-40E8-B45A-DDC9573849C7}.Debug|Any CPU.Deploy.0 = Debug|Any CPU
		{81BFCAE9-867A-40E8-B45A-DDC9573849C7}.Debug|ARM.ActiveCfg = Debug|Any CPU
		{81BFCAE9-867A-40E8-B45A-DDC9573849C7}.Debug|ARM.Build.0 = Debug|Any CPU
		{81BFCAE9-867A-40E8-B45A-DDC9573849C7}.Debug|ARM.Deploy.0 = Debug|Any CPU
		{81BFCAE9-867A-40E8-B45A-DDC9573849C7}.Debug|iPhone.ActiveCfg = Debug|Any CPU
		{81BFCAE9-867A-40E8-B45A-DDC9573849C7}.Debug|iPhone.Build.0 = Debug|Any CPU
		{81BFCAE9-867A-40E8-B45A-DDC9573849C7}.Debug|iPhone.Deploy.0 = Debug|Any CPU
		{81BFCAE9-867A-40E8-B45A-DDC9573849C7}.Debug|iPhoneSimulator.ActiveCfg = Debug|Any CPU
		{81BFCAE9-867A-40E8-B45A-DDC9573849C7}.Debug|iPhoneSimulator.Build.0 = Debug|Any CPU
		{81BFCAE9-867A-40E8-B45A-DDC9573849C7}.Debug|iPhoneSimulator.Deploy.0 = Debug|Any CPU
		{81BFCAE9-867A-40E8-B45A-DDC9573849C7}.Debug|x64.ActiveCfg = Debug|Any CPU
		{81BFCAE9-867A-40E8-B45A-DDC9573849C7}.Debug|x64.Build.0 = Debug|Any CPU
		{81BFCAE9-867A-40E8-B45A-DDC9573849C7}.Debug|x64.Deploy.0 = Debug|Any CPU
		{81BFCAE9-867A-40E8-B45A-DDC9573849C7}.Debug|x86.ActiveCfg = Debug|Any CPU
		{81BFCAE9-867A-40E8-B45A-DDC9573849C7}.Debug|x86.Build.0 = Debug|Any CPU
		{81BFCAE9-867A-40E8-B45A-DDC9573849C7}.Debug|x86.Deploy.0 = Debug|Any CPU
		{81BFCAE9-867A-40E8-B45A-DDC9573849C7}.Release|Any CPU.ActiveCfg = Release|Any CPU
		{81BFCAE9-867A-40E8-B45A-DDC9573849C7}.Release|Any CPU.Deploy.0 = Release|Any CPU
		{81BFCAE9-867A-40E8-B45A-DDC9573849C7}.Release|ARM.ActiveCfg = Release|Any CPU
		{81BFCAE9-867A-40E8-B45A-DDC9573849C7}.Release|ARM.Build.0 = Release|Any CPU
		{81BFCAE9-867A-40E8-B45A-DDC9573849C7}.Release|ARM.Deploy.0 = Release|Any CPU
		{81BFCAE9-867A-40E8-B45A-DDC9573849C7}.Release|iPhone.ActiveCfg = Release|Any CPU
		{81BFCAE9-867A-40E8-B45A-DDC9573849C7}.Release|iPhone.Build.0 = Release|Any CPU
		{81BFCAE9-867A-40E8-B45A-DDC9573849C7}.Release|iPhone.Deploy.0 = Release|Any CPU
		{81BFCAE9-867A-40E8-B45A-DDC9573849C7}.Release|iPhoneSimulator.ActiveCfg = Release|Any CPU
		{81BFCAE9-867A-40E8-B45A-DDC9573849C7}.Release|iPhoneSimulator.Build.0 = Release|Any CPU
		{81BFCAE9-867A-40E8-B45A-DDC9573849C7}.Release|iPhoneSimulator.Deploy.0 = Release|Any CPU
		{81BFCAE9-867A-40E8-B45A-DDC9573849C7}.Release|x64.ActiveCfg = Release|Any CPU
		{81BFCAE9-867A-40E8-B45A-DDC9573849C7}.Release|x64.Build.0 = Release|Any CPU
		{81BFCAE9-867A-40E8-B45A-DDC9573849C7}.Release|x64.Deploy.0 = Release|Any CPU
		{81BFCAE9-867A-40E8-B45A-DDC9573849C7}.Release|x86.ActiveCfg = Release|Any CPU
		{81BFCAE9-867A-40E8-B45A-DDC9573849C7}.Release|x86.Build.0 = Release|Any CPU
		{81BFCAE9-867A-40E8-B45A-DDC9573849C7}.Release|x86.Deploy.0 = Release|Any CPU
		{C890F2B2-948D-4B64-B9F0-2EA8EC972260}.Debug|Any CPU.ActiveCfg = Debug|Any CPU
		{C890F2B2-948D-4B64-B9F0-2EA8EC972260}.Debug|Any CPU.Build.0 = Debug|Any CPU
		{C890F2B2-948D-4B64-B9F0-2EA8EC972260}.Debug|ARM.ActiveCfg = Debug|Any CPU
		{C890F2B2-948D-4B64-B9F0-2EA8EC972260}.Debug|ARM.Build.0 = Debug|Any CPU
		{C890F2B2-948D-4B64-B9F0-2EA8EC972260}.Debug|iPhone.ActiveCfg = Debug|Any CPU
		{C890F2B2-948D-4B64-B9F0-2EA8EC972260}.Debug|iPhone.Build.0 = Debug|Any CPU
		{C890F2B2-948D-4B64-B9F0-2EA8EC972260}.Debug|iPhoneSimulator.ActiveCfg = Debug|Any CPU
		{C890F2B2-948D-4B64-B9F0-2EA8EC972260}.Debug|iPhoneSimulator.Build.0 = Debug|Any CPU
		{C890F2B2-948D-4B64-B9F0-2EA8EC972260}.Debug|x64.ActiveCfg = Debug|Any CPU
		{C890F2B2-948D-4B64-B9F0-2EA8EC972260}.Debug|x64.Build.0 = Debug|Any CPU
		{C890F2B2-948D-4B64-B9F0-2EA8EC972260}.Debug|x86.ActiveCfg = Debug|Any CPU
		{C890F2B2-948D-4B64-B9F0-2EA8EC972260}.Debug|x86.Build.0 = Debug|Any CPU
		{C890F2B2-948D-4B64-B9F0-2EA8EC972260}.Release|Any CPU.ActiveCfg = Release|Any CPU
		{C890F2B2-948D-4B64-B9F0-2EA8EC972260}.Release|Any CPU.Build.0 = Release|Any CPU
		{C890F2B2-948D-4B64-B9F0-2EA8EC972260}.Release|ARM.ActiveCfg = Release|Any CPU
		{C890F2B2-948D-4B64-B9F0-2EA8EC972260}.Release|ARM.Build.0 = Release|Any CPU
		{C890F2B2-948D-4B64-B9F0-2EA8EC972260}.Release|iPhone.ActiveCfg = Release|Any CPU
		{C890F2B2-948D-4B64-B9F0-2EA8EC972260}.Release|iPhone.Build.0 = Release|Any CPU
		{C890F2B2-948D-4B64-B9F0-2EA8EC972260}.Release|iPhoneSimulator.ActiveCfg = Release|Any CPU
		{C890F2B2-948D-4B64-B9F0-2EA8EC972260}.Release|iPhoneSimulator.Build.0 = Release|Any CPU
		{C890F2B2-948D-4B64-B9F0-2EA8EC972260}.Release|x64.ActiveCfg = Release|Any CPU
		{C890F2B2-948D-4B64-B9F0-2EA8EC972260}.Release|x64.Build.0 = Release|Any CPU
		{C890F2B2-948D-4B64-B9F0-2EA8EC972260}.Release|x86.ActiveCfg = Release|Any CPU
		{C890F2B2-948D-4B64-B9F0-2EA8EC972260}.Release|x86.Build.0 = Release|Any CPU
		{FB577E7B-0176-452D-B8EA-97ED330CD4D0}.Debug|Any CPU.ActiveCfg = Debug|Any CPU
		{FB577E7B-0176-452D-B8EA-97ED330CD4D0}.Debug|Any CPU.Build.0 = Debug|Any CPU
		{FB577E7B-0176-452D-B8EA-97ED330CD4D0}.Debug|ARM.ActiveCfg = Debug|Any CPU
		{FB577E7B-0176-452D-B8EA-97ED330CD4D0}.Debug|ARM.Build.0 = Debug|Any CPU
		{FB577E7B-0176-452D-B8EA-97ED330CD4D0}.Debug|iPhone.ActiveCfg = Debug|Any CPU
		{FB577E7B-0176-452D-B8EA-97ED330CD4D0}.Debug|iPhone.Build.0 = Debug|Any CPU
		{FB577E7B-0176-452D-B8EA-97ED330CD4D0}.Debug|iPhoneSimulator.ActiveCfg = Debug|Any CPU
		{FB577E7B-0176-452D-B8EA-97ED330CD4D0}.Debug|iPhoneSimulator.Build.0 = Debug|Any CPU
		{FB577E7B-0176-452D-B8EA-97ED330CD4D0}.Debug|x64.ActiveCfg = Debug|Any CPU
		{FB577E7B-0176-452D-B8EA-97ED330CD4D0}.Debug|x64.Build.0 = Debug|Any CPU
		{FB577E7B-0176-452D-B8EA-97ED330CD4D0}.Debug|x86.ActiveCfg = Debug|Any CPU
		{FB577E7B-0176-452D-B8EA-97ED330CD4D0}.Debug|x86.Build.0 = Debug|Any CPU
		{FB577E7B-0176-452D-B8EA-97ED330CD4D0}.Release|Any CPU.ActiveCfg = Release|Any CPU
		{FB577E7B-0176-452D-B8EA-97ED330CD4D0}.Release|ARM.ActiveCfg = Release|Any CPU
		{FB577E7B-0176-452D-B8EA-97ED330CD4D0}.Release|ARM.Build.0 = Release|Any CPU
		{FB577E7B-0176-452D-B8EA-97ED330CD4D0}.Release|iPhone.ActiveCfg = Release|Any CPU
		{FB577E7B-0176-452D-B8EA-97ED330CD4D0}.Release|iPhone.Build.0 = Release|Any CPU
		{FB577E7B-0176-452D-B8EA-97ED330CD4D0}.Release|iPhoneSimulator.ActiveCfg = Release|Any CPU
		{FB577E7B-0176-452D-B8EA-97ED330CD4D0}.Release|iPhoneSimulator.Build.0 = Release|Any CPU
		{FB577E7B-0176-452D-B8EA-97ED330CD4D0}.Release|x64.ActiveCfg = Release|Any CPU
		{FB577E7B-0176-452D-B8EA-97ED330CD4D0}.Release|x64.Build.0 = Release|Any CPU
		{FB577E7B-0176-452D-B8EA-97ED330CD4D0}.Release|x86.ActiveCfg = Release|Any CPU
		{FB577E7B-0176-452D-B8EA-97ED330CD4D0}.Release|x86.Build.0 = Release|Any CPU
		{19F9B867-9E47-4117-9A78-E970438A06CB}.Debug|Any CPU.ActiveCfg = Debug|Any CPU
		{19F9B867-9E47-4117-9A78-E970438A06CB}.Debug|Any CPU.Build.0 = Debug|Any CPU
		{19F9B867-9E47-4117-9A78-E970438A06CB}.Debug|ARM.ActiveCfg = Debug|Any CPU
		{19F9B867-9E47-4117-9A78-E970438A06CB}.Debug|ARM.Build.0 = Debug|Any CPU
		{19F9B867-9E47-4117-9A78-E970438A06CB}.Debug|iPhone.ActiveCfg = Debug|Any CPU
		{19F9B867-9E47-4117-9A78-E970438A06CB}.Debug|iPhone.Build.0 = Debug|Any CPU
		{19F9B867-9E47-4117-9A78-E970438A06CB}.Debug|iPhoneSimulator.ActiveCfg = Debug|Any CPU
		{19F9B867-9E47-4117-9A78-E970438A06CB}.Debug|iPhoneSimulator.Build.0 = Debug|Any CPU
		{19F9B867-9E47-4117-9A78-E970438A06CB}.Debug|x64.ActiveCfg = Debug|Any CPU
		{19F9B867-9E47-4117-9A78-E970438A06CB}.Debug|x64.Build.0 = Debug|Any CPU
		{19F9B867-9E47-4117-9A78-E970438A06CB}.Debug|x86.ActiveCfg = Debug|Any CPU
		{19F9B867-9E47-4117-9A78-E970438A06CB}.Debug|x86.Build.0 = Debug|Any CPU
		{19F9B867-9E47-4117-9A78-E970438A06CB}.Release|Any CPU.ActiveCfg = Release|Any CPU
		{19F9B867-9E47-4117-9A78-E970438A06CB}.Release|Any CPU.Build.0 = Release|Any CPU
		{19F9B867-9E47-4117-9A78-E970438A06CB}.Release|ARM.ActiveCfg = Release|Any CPU
		{19F9B867-9E47-4117-9A78-E970438A06CB}.Release|ARM.Build.0 = Release|Any CPU
		{19F9B867-9E47-4117-9A78-E970438A06CB}.Release|iPhone.ActiveCfg = Release|Any CPU
		{19F9B867-9E47-4117-9A78-E970438A06CB}.Release|iPhone.Build.0 = Release|Any CPU
		{19F9B867-9E47-4117-9A78-E970438A06CB}.Release|iPhoneSimulator.ActiveCfg = Release|Any CPU
		{19F9B867-9E47-4117-9A78-E970438A06CB}.Release|iPhoneSimulator.Build.0 = Release|Any CPU
		{19F9B867-9E47-4117-9A78-E970438A06CB}.Release|x64.ActiveCfg = Release|Any CPU
		{19F9B867-9E47-4117-9A78-E970438A06CB}.Release|x64.Build.0 = Release|Any CPU
		{19F9B867-9E47-4117-9A78-E970438A06CB}.Release|x86.ActiveCfg = Release|Any CPU
		{19F9B867-9E47-4117-9A78-E970438A06CB}.Release|x86.Build.0 = Release|Any CPU
		{83A4F6CE-F300-4857-8A3A-8E0556CC7950}.Debug|Any CPU.ActiveCfg = Debug|Any CPU
		{83A4F6CE-F300-4857-8A3A-8E0556CC7950}.Debug|Any CPU.Build.0 = Debug|Any CPU
		{83A4F6CE-F300-4857-8A3A-8E0556CC7950}.Debug|ARM.ActiveCfg = Debug|Any CPU
		{83A4F6CE-F300-4857-8A3A-8E0556CC7950}.Debug|ARM.Build.0 = Debug|Any CPU
		{83A4F6CE-F300-4857-8A3A-8E0556CC7950}.Debug|iPhone.ActiveCfg = Debug|Any CPU
		{83A4F6CE-F300-4857-8A3A-8E0556CC7950}.Debug|iPhone.Build.0 = Debug|Any CPU
		{83A4F6CE-F300-4857-8A3A-8E0556CC7950}.Debug|iPhoneSimulator.ActiveCfg = Debug|Any CPU
		{83A4F6CE-F300-4857-8A3A-8E0556CC7950}.Debug|iPhoneSimulator.Build.0 = Debug|Any CPU
		{83A4F6CE-F300-4857-8A3A-8E0556CC7950}.Debug|x64.ActiveCfg = Debug|Any CPU
		{83A4F6CE-F300-4857-8A3A-8E0556CC7950}.Debug|x64.Build.0 = Debug|Any CPU
		{83A4F6CE-F300-4857-8A3A-8E0556CC7950}.Debug|x86.ActiveCfg = Debug|Any CPU
		{83A4F6CE-F300-4857-8A3A-8E0556CC7950}.Debug|x86.Build.0 = Debug|Any CPU
		{83A4F6CE-F300-4857-8A3A-8E0556CC7950}.Release|Any CPU.ActiveCfg = Release|Any CPU
		{83A4F6CE-F300-4857-8A3A-8E0556CC7950}.Release|ARM.ActiveCfg = Release|Any CPU
		{83A4F6CE-F300-4857-8A3A-8E0556CC7950}.Release|ARM.Build.0 = Release|Any CPU
		{83A4F6CE-F300-4857-8A3A-8E0556CC7950}.Release|iPhone.ActiveCfg = Release|Any CPU
		{83A4F6CE-F300-4857-8A3A-8E0556CC7950}.Release|iPhone.Build.0 = Release|Any CPU
		{83A4F6CE-F300-4857-8A3A-8E0556CC7950}.Release|iPhoneSimulator.ActiveCfg = Release|Any CPU
		{83A4F6CE-F300-4857-8A3A-8E0556CC7950}.Release|iPhoneSimulator.Build.0 = Release|Any CPU
		{83A4F6CE-F300-4857-8A3A-8E0556CC7950}.Release|x64.ActiveCfg = Release|Any CPU
		{83A4F6CE-F300-4857-8A3A-8E0556CC7950}.Release|x64.Build.0 = Release|Any CPU
		{83A4F6CE-F300-4857-8A3A-8E0556CC7950}.Release|x86.ActiveCfg = Release|Any CPU
		{83A4F6CE-F300-4857-8A3A-8E0556CC7950}.Release|x86.Build.0 = Release|Any CPU
		{98FB7ABE-DBE3-43EF-8102-D024F44B3FD0}.Debug|Any CPU.ActiveCfg = Debug|Any CPU
		{98FB7ABE-DBE3-43EF-8102-D024F44B3FD0}.Debug|Any CPU.Build.0 = Debug|Any CPU
		{98FB7ABE-DBE3-43EF-8102-D024F44B3FD0}.Debug|Any CPU.Deploy.0 = Debug|Any CPU
		{98FB7ABE-DBE3-43EF-8102-D024F44B3FD0}.Debug|ARM.ActiveCfg = Debug|Any CPU
		{98FB7ABE-DBE3-43EF-8102-D024F44B3FD0}.Debug|ARM.Build.0 = Debug|Any CPU
		{98FB7ABE-DBE3-43EF-8102-D024F44B3FD0}.Debug|ARM.Deploy.0 = Debug|Any CPU
		{98FB7ABE-DBE3-43EF-8102-D024F44B3FD0}.Debug|iPhone.ActiveCfg = Debug|Any CPU
		{98FB7ABE-DBE3-43EF-8102-D024F44B3FD0}.Debug|iPhone.Build.0 = Debug|Any CPU
		{98FB7ABE-DBE3-43EF-8102-D024F44B3FD0}.Debug|iPhone.Deploy.0 = Debug|Any CPU
		{98FB7ABE-DBE3-43EF-8102-D024F44B3FD0}.Debug|iPhoneSimulator.ActiveCfg = Debug|Any CPU
		{98FB7ABE-DBE3-43EF-8102-D024F44B3FD0}.Debug|iPhoneSimulator.Build.0 = Debug|Any CPU
		{98FB7ABE-DBE3-43EF-8102-D024F44B3FD0}.Debug|iPhoneSimulator.Deploy.0 = Debug|Any CPU
		{98FB7ABE-DBE3-43EF-8102-D024F44B3FD0}.Debug|x64.ActiveCfg = Debug|Any CPU
		{98FB7ABE-DBE3-43EF-8102-D024F44B3FD0}.Debug|x64.Build.0 = Debug|Any CPU
		{98FB7ABE-DBE3-43EF-8102-D024F44B3FD0}.Debug|x64.Deploy.0 = Debug|Any CPU
		{98FB7ABE-DBE3-43EF-8102-D024F44B3FD0}.Debug|x86.ActiveCfg = Debug|Any CPU
		{98FB7ABE-DBE3-43EF-8102-D024F44B3FD0}.Debug|x86.Build.0 = Debug|Any CPU
		{98FB7ABE-DBE3-43EF-8102-D024F44B3FD0}.Debug|x86.Deploy.0 = Debug|Any CPU
		{98FB7ABE-DBE3-43EF-8102-D024F44B3FD0}.Release|Any CPU.ActiveCfg = Release|Any CPU
		{98FB7ABE-DBE3-43EF-8102-D024F44B3FD0}.Release|ARM.ActiveCfg = Release|Any CPU
		{98FB7ABE-DBE3-43EF-8102-D024F44B3FD0}.Release|ARM.Build.0 = Release|Any CPU
		{98FB7ABE-DBE3-43EF-8102-D024F44B3FD0}.Release|ARM.Deploy.0 = Release|Any CPU
		{98FB7ABE-DBE3-43EF-8102-D024F44B3FD0}.Release|iPhone.ActiveCfg = Release|Any CPU
		{98FB7ABE-DBE3-43EF-8102-D024F44B3FD0}.Release|iPhone.Build.0 = Release|Any CPU
		{98FB7ABE-DBE3-43EF-8102-D024F44B3FD0}.Release|iPhone.Deploy.0 = Release|Any CPU
		{98FB7ABE-DBE3-43EF-8102-D024F44B3FD0}.Release|iPhoneSimulator.ActiveCfg = Release|Any CPU
		{98FB7ABE-DBE3-43EF-8102-D024F44B3FD0}.Release|iPhoneSimulator.Build.0 = Release|Any CPU
		{98FB7ABE-DBE3-43EF-8102-D024F44B3FD0}.Release|iPhoneSimulator.Deploy.0 = Release|Any CPU
		{98FB7ABE-DBE3-43EF-8102-D024F44B3FD0}.Release|x64.ActiveCfg = Release|Any CPU
		{98FB7ABE-DBE3-43EF-8102-D024F44B3FD0}.Release|x64.Build.0 = Release|Any CPU
		{98FB7ABE-DBE3-43EF-8102-D024F44B3FD0}.Release|x64.Deploy.0 = Release|Any CPU
		{98FB7ABE-DBE3-43EF-8102-D024F44B3FD0}.Release|x86.ActiveCfg = Release|Any CPU
		{98FB7ABE-DBE3-43EF-8102-D024F44B3FD0}.Release|x86.Build.0 = Release|Any CPU
		{98FB7ABE-DBE3-43EF-8102-D024F44B3FD0}.Release|x86.Deploy.0 = Release|Any CPU
		{40AE1185-3C26-40C2-BB99-95D2BBACBDA4}.Debug|Any CPU.ActiveCfg = Debug|Any CPU
		{40AE1185-3C26-40C2-BB99-95D2BBACBDA4}.Debug|Any CPU.Build.0 = Debug|Any CPU
		{40AE1185-3C26-40C2-BB99-95D2BBACBDA4}.Debug|ARM.ActiveCfg = Debug|Any CPU
		{40AE1185-3C26-40C2-BB99-95D2BBACBDA4}.Debug|ARM.Build.0 = Debug|Any CPU
		{40AE1185-3C26-40C2-BB99-95D2BBACBDA4}.Debug|iPhone.ActiveCfg = Debug|Any CPU
		{40AE1185-3C26-40C2-BB99-95D2BBACBDA4}.Debug|iPhone.Build.0 = Debug|Any CPU
		{40AE1185-3C26-40C2-BB99-95D2BBACBDA4}.Debug|iPhoneSimulator.ActiveCfg = Debug|Any CPU
		{40AE1185-3C26-40C2-BB99-95D2BBACBDA4}.Debug|iPhoneSimulator.Build.0 = Debug|Any CPU
		{40AE1185-3C26-40C2-BB99-95D2BBACBDA4}.Debug|x64.ActiveCfg = Debug|Any CPU
		{40AE1185-3C26-40C2-BB99-95D2BBACBDA4}.Debug|x64.Build.0 = Debug|Any CPU
		{40AE1185-3C26-40C2-BB99-95D2BBACBDA4}.Debug|x86.ActiveCfg = Debug|Any CPU
		{40AE1185-3C26-40C2-BB99-95D2BBACBDA4}.Debug|x86.Build.0 = Debug|Any CPU
		{40AE1185-3C26-40C2-BB99-95D2BBACBDA4}.Release|Any CPU.ActiveCfg = Release|Any CPU
		{40AE1185-3C26-40C2-BB99-95D2BBACBDA4}.Release|ARM.ActiveCfg = Release|Any CPU
		{40AE1185-3C26-40C2-BB99-95D2BBACBDA4}.Release|ARM.Build.0 = Release|Any CPU
		{40AE1185-3C26-40C2-BB99-95D2BBACBDA4}.Release|iPhone.ActiveCfg = Release|Any CPU
		{40AE1185-3C26-40C2-BB99-95D2BBACBDA4}.Release|iPhone.Build.0 = Release|Any CPU
		{40AE1185-3C26-40C2-BB99-95D2BBACBDA4}.Release|iPhoneSimulator.ActiveCfg = Release|Any CPU
		{40AE1185-3C26-40C2-BB99-95D2BBACBDA4}.Release|iPhoneSimulator.Build.0 = Release|Any CPU
		{40AE1185-3C26-40C2-BB99-95D2BBACBDA4}.Release|x64.ActiveCfg = Release|Any CPU
		{40AE1185-3C26-40C2-BB99-95D2BBACBDA4}.Release|x64.Build.0 = Release|Any CPU
		{40AE1185-3C26-40C2-BB99-95D2BBACBDA4}.Release|x86.ActiveCfg = Release|Any CPU
		{40AE1185-3C26-40C2-BB99-95D2BBACBDA4}.Release|x86.Build.0 = Release|Any CPU
		{446BE86D-4FFF-4EEF-A7EA-55E64C56C427}.Debug|Any CPU.ActiveCfg = Debug|Any CPU
		{446BE86D-4FFF-4EEF-A7EA-55E64C56C427}.Debug|Any CPU.Build.0 = Debug|Any CPU
		{446BE86D-4FFF-4EEF-A7EA-55E64C56C427}.Debug|Any CPU.Deploy.0 = Debug|Any CPU
		{446BE86D-4FFF-4EEF-A7EA-55E64C56C427}.Debug|ARM.ActiveCfg = Debug|Any CPU
		{446BE86D-4FFF-4EEF-A7EA-55E64C56C427}.Debug|ARM.Build.0 = Debug|Any CPU
		{446BE86D-4FFF-4EEF-A7EA-55E64C56C427}.Debug|ARM.Deploy.0 = Debug|Any CPU
		{446BE86D-4FFF-4EEF-A7EA-55E64C56C427}.Debug|iPhone.ActiveCfg = Debug|Any CPU
		{446BE86D-4FFF-4EEF-A7EA-55E64C56C427}.Debug|iPhone.Build.0 = Debug|Any CPU
		{446BE86D-4FFF-4EEF-A7EA-55E64C56C427}.Debug|iPhone.Deploy.0 = Debug|Any CPU
		{446BE86D-4FFF-4EEF-A7EA-55E64C56C427}.Debug|iPhoneSimulator.ActiveCfg = Debug|Any CPU
		{446BE86D-4FFF-4EEF-A7EA-55E64C56C427}.Debug|iPhoneSimulator.Build.0 = Debug|Any CPU
		{446BE86D-4FFF-4EEF-A7EA-55E64C56C427}.Debug|iPhoneSimulator.Deploy.0 = Debug|Any CPU
		{446BE86D-4FFF-4EEF-A7EA-55E64C56C427}.Debug|x64.ActiveCfg = Debug|Any CPU
		{446BE86D-4FFF-4EEF-A7EA-55E64C56C427}.Debug|x64.Build.0 = Debug|Any CPU
		{446BE86D-4FFF-4EEF-A7EA-55E64C56C427}.Debug|x64.Deploy.0 = Debug|Any CPU
		{446BE86D-4FFF-4EEF-A7EA-55E64C56C427}.Debug|x86.ActiveCfg = Debug|Any CPU
		{446BE86D-4FFF-4EEF-A7EA-55E64C56C427}.Debug|x86.Build.0 = Debug|Any CPU
		{446BE86D-4FFF-4EEF-A7EA-55E64C56C427}.Debug|x86.Deploy.0 = Debug|Any CPU
		{446BE86D-4FFF-4EEF-A7EA-55E64C56C427}.Release|Any CPU.ActiveCfg = Release|Any CPU
		{446BE86D-4FFF-4EEF-A7EA-55E64C56C427}.Release|ARM.ActiveCfg = Release|Any CPU
		{446BE86D-4FFF-4EEF-A7EA-55E64C56C427}.Release|ARM.Build.0 = Release|Any CPU
		{446BE86D-4FFF-4EEF-A7EA-55E64C56C427}.Release|ARM.Deploy.0 = Release|Any CPU
		{446BE86D-4FFF-4EEF-A7EA-55E64C56C427}.Release|iPhone.ActiveCfg = Release|Any CPU
		{446BE86D-4FFF-4EEF-A7EA-55E64C56C427}.Release|iPhone.Build.0 = Release|Any CPU
		{446BE86D-4FFF-4EEF-A7EA-55E64C56C427}.Release|iPhone.Deploy.0 = Release|Any CPU
		{446BE86D-4FFF-4EEF-A7EA-55E64C56C427}.Release|iPhoneSimulator.ActiveCfg = Release|Any CPU
		{446BE86D-4FFF-4EEF-A7EA-55E64C56C427}.Release|iPhoneSimulator.Build.0 = Release|Any CPU
		{446BE86D-4FFF-4EEF-A7EA-55E64C56C427}.Release|iPhoneSimulator.Deploy.0 = Release|Any CPU
		{446BE86D-4FFF-4EEF-A7EA-55E64C56C427}.Release|x64.ActiveCfg = Release|Any CPU
		{446BE86D-4FFF-4EEF-A7EA-55E64C56C427}.Release|x64.Build.0 = Release|Any CPU
		{446BE86D-4FFF-4EEF-A7EA-55E64C56C427}.Release|x64.Deploy.0 = Release|Any CPU
		{446BE86D-4FFF-4EEF-A7EA-55E64C56C427}.Release|x86.ActiveCfg = Release|Any CPU
		{446BE86D-4FFF-4EEF-A7EA-55E64C56C427}.Release|x86.Build.0 = Release|Any CPU
		{446BE86D-4FFF-4EEF-A7EA-55E64C56C427}.Release|x86.Deploy.0 = Release|Any CPU
		{9FAFD4D5-8F1D-4F2C-AF02-F6E8EACF625C}.Debug|Any CPU.ActiveCfg = Debug|Any CPU
		{9FAFD4D5-8F1D-4F2C-AF02-F6E8EACF625C}.Debug|Any CPU.Build.0 = Debug|Any CPU
		{9FAFD4D5-8F1D-4F2C-AF02-F6E8EACF625C}.Debug|ARM.ActiveCfg = Debug|Any CPU
		{9FAFD4D5-8F1D-4F2C-AF02-F6E8EACF625C}.Debug|ARM.Build.0 = Debug|Any CPU
		{9FAFD4D5-8F1D-4F2C-AF02-F6E8EACF625C}.Debug|iPhone.ActiveCfg = Debug|Any CPU
		{9FAFD4D5-8F1D-4F2C-AF02-F6E8EACF625C}.Debug|iPhone.Build.0 = Debug|Any CPU
		{9FAFD4D5-8F1D-4F2C-AF02-F6E8EACF625C}.Debug|iPhoneSimulator.ActiveCfg = Debug|Any CPU
		{9FAFD4D5-8F1D-4F2C-AF02-F6E8EACF625C}.Debug|iPhoneSimulator.Build.0 = Debug|Any CPU
		{9FAFD4D5-8F1D-4F2C-AF02-F6E8EACF625C}.Debug|x64.ActiveCfg = Debug|Any CPU
		{9FAFD4D5-8F1D-4F2C-AF02-F6E8EACF625C}.Debug|x64.Build.0 = Debug|Any CPU
		{9FAFD4D5-8F1D-4F2C-AF02-F6E8EACF625C}.Debug|x86.ActiveCfg = Debug|Any CPU
		{9FAFD4D5-8F1D-4F2C-AF02-F6E8EACF625C}.Debug|x86.Build.0 = Debug|Any CPU
		{9FAFD4D5-8F1D-4F2C-AF02-F6E8EACF625C}.Release|Any CPU.ActiveCfg = Release|Any CPU
		{9FAFD4D5-8F1D-4F2C-AF02-F6E8EACF625C}.Release|ARM.ActiveCfg = Release|Any CPU
		{9FAFD4D5-8F1D-4F2C-AF02-F6E8EACF625C}.Release|ARM.Build.0 = Release|Any CPU
		{9FAFD4D5-8F1D-4F2C-AF02-F6E8EACF625C}.Release|iPhone.ActiveCfg = Release|Any CPU
		{9FAFD4D5-8F1D-4F2C-AF02-F6E8EACF625C}.Release|iPhone.Build.0 = Release|Any CPU
		{9FAFD4D5-8F1D-4F2C-AF02-F6E8EACF625C}.Release|iPhoneSimulator.ActiveCfg = Release|Any CPU
		{9FAFD4D5-8F1D-4F2C-AF02-F6E8EACF625C}.Release|iPhoneSimulator.Build.0 = Release|Any CPU
		{9FAFD4D5-8F1D-4F2C-AF02-F6E8EACF625C}.Release|x64.ActiveCfg = Release|Any CPU
		{9FAFD4D5-8F1D-4F2C-AF02-F6E8EACF625C}.Release|x64.Build.0 = Release|Any CPU
		{9FAFD4D5-8F1D-4F2C-AF02-F6E8EACF625C}.Release|x86.ActiveCfg = Release|Any CPU
		{9FAFD4D5-8F1D-4F2C-AF02-F6E8EACF625C}.Release|x86.Build.0 = Release|Any CPU
		{5EE82A1C-BA2C-4C1D-9437-07E02E1E5770}.Debug|Any CPU.ActiveCfg = Debug|Any CPU
		{5EE82A1C-BA2C-4C1D-9437-07E02E1E5770}.Debug|ARM.ActiveCfg = Debug|Any CPU
		{5EE82A1C-BA2C-4C1D-9437-07E02E1E5770}.Debug|iPhone.ActiveCfg = Debug|Any CPU
		{5EE82A1C-BA2C-4C1D-9437-07E02E1E5770}.Debug|iPhoneSimulator.ActiveCfg = Debug|Any CPU
		{5EE82A1C-BA2C-4C1D-9437-07E02E1E5770}.Debug|x64.ActiveCfg = Debug|Any CPU
		{5EE82A1C-BA2C-4C1D-9437-07E02E1E5770}.Debug|x86.ActiveCfg = Debug|Any CPU
		{5EE82A1C-BA2C-4C1D-9437-07E02E1E5770}.Release|Any CPU.ActiveCfg = Release|Any CPU
		{5EE82A1C-BA2C-4C1D-9437-07E02E1E5770}.Release|ARM.ActiveCfg = Release|Any CPU
		{5EE82A1C-BA2C-4C1D-9437-07E02E1E5770}.Release|iPhone.ActiveCfg = Release|Any CPU
		{5EE82A1C-BA2C-4C1D-9437-07E02E1E5770}.Release|iPhoneSimulator.ActiveCfg = Release|Any CPU
		{5EE82A1C-BA2C-4C1D-9437-07E02E1E5770}.Release|x64.ActiveCfg = Release|Any CPU
		{5EE82A1C-BA2C-4C1D-9437-07E02E1E5770}.Release|x86.ActiveCfg = Release|Any CPU
		{F4CC4138-0B98-49AA-80B3-3D790A619CBC}.Debug|Any CPU.ActiveCfg = Debug|Any CPU
		{F4CC4138-0B98-49AA-80B3-3D790A619CBC}.Debug|Any CPU.Build.0 = Debug|Any CPU
		{F4CC4138-0B98-49AA-80B3-3D790A619CBC}.Debug|ARM.ActiveCfg = Debug|Any CPU
		{F4CC4138-0B98-49AA-80B3-3D790A619CBC}.Debug|ARM.Build.0 = Debug|Any CPU
		{F4CC4138-0B98-49AA-80B3-3D790A619CBC}.Debug|iPhone.ActiveCfg = Debug|Any CPU
		{F4CC4138-0B98-49AA-80B3-3D790A619CBC}.Debug|iPhone.Build.0 = Debug|Any CPU
		{F4CC4138-0B98-49AA-80B3-3D790A619CBC}.Debug|iPhoneSimulator.ActiveCfg = Debug|Any CPU
		{F4CC4138-0B98-49AA-80B3-3D790A619CBC}.Debug|iPhoneSimulator.Build.0 = Debug|Any CPU
		{F4CC4138-0B98-49AA-80B3-3D790A619CBC}.Debug|x64.ActiveCfg = Debug|Any CPU
		{F4CC4138-0B98-49AA-80B3-3D790A619CBC}.Debug|x64.Build.0 = Debug|Any CPU
		{F4CC4138-0B98-49AA-80B3-3D790A619CBC}.Debug|x86.ActiveCfg = Debug|Any CPU
		{F4CC4138-0B98-49AA-80B3-3D790A619CBC}.Debug|x86.Build.0 = Debug|Any CPU
		{F4CC4138-0B98-49AA-80B3-3D790A619CBC}.Release|Any CPU.ActiveCfg = Release|Any CPU
		{F4CC4138-0B98-49AA-80B3-3D790A619CBC}.Release|Any CPU.Build.0 = Release|Any CPU
		{F4CC4138-0B98-49AA-80B3-3D790A619CBC}.Release|ARM.ActiveCfg = Release|Any CPU
		{F4CC4138-0B98-49AA-80B3-3D790A619CBC}.Release|ARM.Build.0 = Release|Any CPU
		{F4CC4138-0B98-49AA-80B3-3D790A619CBC}.Release|iPhone.ActiveCfg = Release|Any CPU
		{F4CC4138-0B98-49AA-80B3-3D790A619CBC}.Release|iPhone.Build.0 = Release|Any CPU
		{F4CC4138-0B98-49AA-80B3-3D790A619CBC}.Release|iPhoneSimulator.ActiveCfg = Release|Any CPU
		{F4CC4138-0B98-49AA-80B3-3D790A619CBC}.Release|iPhoneSimulator.Build.0 = Release|Any CPU
		{F4CC4138-0B98-49AA-80B3-3D790A619CBC}.Release|x64.ActiveCfg = Release|Any CPU
		{F4CC4138-0B98-49AA-80B3-3D790A619CBC}.Release|x64.Build.0 = Release|Any CPU
		{F4CC4138-0B98-49AA-80B3-3D790A619CBC}.Release|x86.ActiveCfg = Release|Any CPU
		{F4CC4138-0B98-49AA-80B3-3D790A619CBC}.Release|x86.Build.0 = Release|Any CPU
		{83C17C17-D457-4E6E-B460-A5755B04D38D}.Debug|Any CPU.ActiveCfg = Debug|Any CPU
		{83C17C17-D457-4E6E-B460-A5755B04D38D}.Debug|Any CPU.Build.0 = Debug|Any CPU
		{83C17C17-D457-4E6E-B460-A5755B04D38D}.Debug|ARM.ActiveCfg = Debug|Any CPU
		{83C17C17-D457-4E6E-B460-A5755B04D38D}.Debug|ARM.Build.0 = Debug|Any CPU
		{83C17C17-D457-4E6E-B460-A5755B04D38D}.Debug|iPhone.ActiveCfg = Debug|Any CPU
		{83C17C17-D457-4E6E-B460-A5755B04D38D}.Debug|iPhone.Build.0 = Debug|Any CPU
		{83C17C17-D457-4E6E-B460-A5755B04D38D}.Debug|iPhoneSimulator.ActiveCfg = Debug|Any CPU
		{83C17C17-D457-4E6E-B460-A5755B04D38D}.Debug|iPhoneSimulator.Build.0 = Debug|Any CPU
		{83C17C17-D457-4E6E-B460-A5755B04D38D}.Debug|x64.ActiveCfg = Debug|Any CPU
		{83C17C17-D457-4E6E-B460-A5755B04D38D}.Debug|x64.Build.0 = Debug|Any CPU
		{83C17C17-D457-4E6E-B460-A5755B04D38D}.Debug|x86.ActiveCfg = Debug|Any CPU
		{83C17C17-D457-4E6E-B460-A5755B04D38D}.Debug|x86.Build.0 = Debug|Any CPU
		{83C17C17-D457-4E6E-B460-A5755B04D38D}.Release|Any CPU.ActiveCfg = Release|Any CPU
		{83C17C17-D457-4E6E-B460-A5755B04D38D}.Release|ARM.ActiveCfg = Release|Any CPU
		{83C17C17-D457-4E6E-B460-A5755B04D38D}.Release|ARM.Build.0 = Release|Any CPU
		{83C17C17-D457-4E6E-B460-A5755B04D38D}.Release|iPhone.ActiveCfg = Release|Any CPU
		{83C17C17-D457-4E6E-B460-A5755B04D38D}.Release|iPhone.Build.0 = Release|Any CPU
		{83C17C17-D457-4E6E-B460-A5755B04D38D}.Release|iPhoneSimulator.ActiveCfg = Release|Any CPU
		{83C17C17-D457-4E6E-B460-A5755B04D38D}.Release|iPhoneSimulator.Build.0 = Release|Any CPU
		{83C17C17-D457-4E6E-B460-A5755B04D38D}.Release|x64.ActiveCfg = Release|Any CPU
		{83C17C17-D457-4E6E-B460-A5755B04D38D}.Release|x64.Build.0 = Release|Any CPU
		{83C17C17-D457-4E6E-B460-A5755B04D38D}.Release|x86.ActiveCfg = Release|Any CPU
		{83C17C17-D457-4E6E-B460-A5755B04D38D}.Release|x86.Build.0 = Release|Any CPU
		{86FBA10C-FE2F-422F-BDEC-EA888F8663B0}.Debug|Any CPU.ActiveCfg = Debug|Any CPU
		{86FBA10C-FE2F-422F-BDEC-EA888F8663B0}.Debug|Any CPU.Build.0 = Debug|Any CPU
		{86FBA10C-FE2F-422F-BDEC-EA888F8663B0}.Debug|ARM.ActiveCfg = Debug|Any CPU
		{86FBA10C-FE2F-422F-BDEC-EA888F8663B0}.Debug|ARM.Build.0 = Debug|Any CPU
		{86FBA10C-FE2F-422F-BDEC-EA888F8663B0}.Debug|iPhone.ActiveCfg = Debug|Any CPU
		{86FBA10C-FE2F-422F-BDEC-EA888F8663B0}.Debug|iPhone.Build.0 = Debug|Any CPU
		{86FBA10C-FE2F-422F-BDEC-EA888F8663B0}.Debug|iPhoneSimulator.ActiveCfg = Debug|Any CPU
		{86FBA10C-FE2F-422F-BDEC-EA888F8663B0}.Debug|iPhoneSimulator.Build.0 = Debug|Any CPU
		{86FBA10C-FE2F-422F-BDEC-EA888F8663B0}.Debug|x64.ActiveCfg = Debug|Any CPU
		{86FBA10C-FE2F-422F-BDEC-EA888F8663B0}.Debug|x64.Build.0 = Debug|Any CPU
		{86FBA10C-FE2F-422F-BDEC-EA888F8663B0}.Debug|x86.ActiveCfg = Debug|Any CPU
		{86FBA10C-FE2F-422F-BDEC-EA888F8663B0}.Debug|x86.Build.0 = Debug|Any CPU
		{86FBA10C-FE2F-422F-BDEC-EA888F8663B0}.Release|Any CPU.ActiveCfg = Release|Any CPU
		{86FBA10C-FE2F-422F-BDEC-EA888F8663B0}.Release|Any CPU.Build.0 = Release|Any CPU
		{86FBA10C-FE2F-422F-BDEC-EA888F8663B0}.Release|ARM.ActiveCfg = Release|Any CPU
		{86FBA10C-FE2F-422F-BDEC-EA888F8663B0}.Release|ARM.Build.0 = Release|Any CPU
		{86FBA10C-FE2F-422F-BDEC-EA888F8663B0}.Release|iPhone.ActiveCfg = Release|Any CPU
		{86FBA10C-FE2F-422F-BDEC-EA888F8663B0}.Release|iPhone.Build.0 = Release|Any CPU
		{86FBA10C-FE2F-422F-BDEC-EA888F8663B0}.Release|iPhoneSimulator.ActiveCfg = Release|Any CPU
		{86FBA10C-FE2F-422F-BDEC-EA888F8663B0}.Release|iPhoneSimulator.Build.0 = Release|Any CPU
		{86FBA10C-FE2F-422F-BDEC-EA888F8663B0}.Release|x64.ActiveCfg = Release|Any CPU
		{86FBA10C-FE2F-422F-BDEC-EA888F8663B0}.Release|x64.Build.0 = Release|Any CPU
		{86FBA10C-FE2F-422F-BDEC-EA888F8663B0}.Release|x86.ActiveCfg = Release|Any CPU
		{86FBA10C-FE2F-422F-BDEC-EA888F8663B0}.Release|x86.Build.0 = Release|Any CPU
		{93F5CEFA-AB26-4530-A918-924F95F9A9A7}.Debug|Any CPU.ActiveCfg = Debug|Any CPU
		{93F5CEFA-AB26-4530-A918-924F95F9A9A7}.Debug|Any CPU.Build.0 = Debug|Any CPU
		{93F5CEFA-AB26-4530-A918-924F95F9A9A7}.Debug|ARM.ActiveCfg = Debug|Any CPU
		{93F5CEFA-AB26-4530-A918-924F95F9A9A7}.Debug|ARM.Build.0 = Debug|Any CPU
		{93F5CEFA-AB26-4530-A918-924F95F9A9A7}.Debug|iPhone.ActiveCfg = Debug|Any CPU
		{93F5CEFA-AB26-4530-A918-924F95F9A9A7}.Debug|iPhone.Build.0 = Debug|Any CPU
		{93F5CEFA-AB26-4530-A918-924F95F9A9A7}.Debug|iPhoneSimulator.ActiveCfg = Debug|Any CPU
		{93F5CEFA-AB26-4530-A918-924F95F9A9A7}.Debug|iPhoneSimulator.Build.0 = Debug|Any CPU
		{93F5CEFA-AB26-4530-A918-924F95F9A9A7}.Debug|x64.ActiveCfg = Debug|Any CPU
		{93F5CEFA-AB26-4530-A918-924F95F9A9A7}.Debug|x64.Build.0 = Debug|Any CPU
		{93F5CEFA-AB26-4530-A918-924F95F9A9A7}.Debug|x86.ActiveCfg = Debug|Any CPU
		{93F5CEFA-AB26-4530-A918-924F95F9A9A7}.Debug|x86.Build.0 = Debug|Any CPU
		{93F5CEFA-AB26-4530-A918-924F95F9A9A7}.Release|Any CPU.ActiveCfg = Release|Any CPU
		{93F5CEFA-AB26-4530-A918-924F95F9A9A7}.Release|ARM.ActiveCfg = Release|Any CPU
		{93F5CEFA-AB26-4530-A918-924F95F9A9A7}.Release|ARM.Build.0 = Release|Any CPU
		{93F5CEFA-AB26-4530-A918-924F95F9A9A7}.Release|iPhone.ActiveCfg = Release|Any CPU
		{93F5CEFA-AB26-4530-A918-924F95F9A9A7}.Release|iPhone.Build.0 = Release|Any CPU
		{93F5CEFA-AB26-4530-A918-924F95F9A9A7}.Release|iPhoneSimulator.ActiveCfg = Release|Any CPU
		{93F5CEFA-AB26-4530-A918-924F95F9A9A7}.Release|iPhoneSimulator.Build.0 = Release|Any CPU
		{93F5CEFA-AB26-4530-A918-924F95F9A9A7}.Release|x64.ActiveCfg = Release|Any CPU
		{93F5CEFA-AB26-4530-A918-924F95F9A9A7}.Release|x64.Build.0 = Release|Any CPU
		{93F5CEFA-AB26-4530-A918-924F95F9A9A7}.Release|x86.ActiveCfg = Release|Any CPU
		{93F5CEFA-AB26-4530-A918-924F95F9A9A7}.Release|x86.Build.0 = Release|Any CPU
		{B9916462-57B0-4F2F-8D79-BFAED0894AD1}.Debug|Any CPU.ActiveCfg = Debug|Any CPU
		{B9916462-57B0-4F2F-8D79-BFAED0894AD1}.Debug|Any CPU.Build.0 = Debug|Any CPU
		{B9916462-57B0-4F2F-8D79-BFAED0894AD1}.Debug|ARM.ActiveCfg = Debug|Any CPU
		{B9916462-57B0-4F2F-8D79-BFAED0894AD1}.Debug|ARM.Build.0 = Debug|Any CPU
		{B9916462-57B0-4F2F-8D79-BFAED0894AD1}.Debug|iPhone.ActiveCfg = Debug|Any CPU
		{B9916462-57B0-4F2F-8D79-BFAED0894AD1}.Debug|iPhone.Build.0 = Debug|Any CPU
		{B9916462-57B0-4F2F-8D79-BFAED0894AD1}.Debug|iPhoneSimulator.ActiveCfg = Debug|Any CPU
		{B9916462-57B0-4F2F-8D79-BFAED0894AD1}.Debug|iPhoneSimulator.Build.0 = Debug|Any CPU
		{B9916462-57B0-4F2F-8D79-BFAED0894AD1}.Debug|x64.ActiveCfg = Debug|Any CPU
		{B9916462-57B0-4F2F-8D79-BFAED0894AD1}.Debug|x64.Build.0 = Debug|Any CPU
		{B9916462-57B0-4F2F-8D79-BFAED0894AD1}.Debug|x86.ActiveCfg = Debug|Any CPU
		{B9916462-57B0-4F2F-8D79-BFAED0894AD1}.Debug|x86.Build.0 = Debug|Any CPU
		{B9916462-57B0-4F2F-8D79-BFAED0894AD1}.Release|Any CPU.ActiveCfg = Release|Any CPU
		{B9916462-57B0-4F2F-8D79-BFAED0894AD1}.Release|ARM.ActiveCfg = Release|Any CPU
		{B9916462-57B0-4F2F-8D79-BFAED0894AD1}.Release|ARM.Build.0 = Release|Any CPU
		{B9916462-57B0-4F2F-8D79-BFAED0894AD1}.Release|iPhone.ActiveCfg = Release|Any CPU
		{B9916462-57B0-4F2F-8D79-BFAED0894AD1}.Release|iPhone.Build.0 = Release|Any CPU
		{B9916462-57B0-4F2F-8D79-BFAED0894AD1}.Release|iPhoneSimulator.ActiveCfg = Release|Any CPU
		{B9916462-57B0-4F2F-8D79-BFAED0894AD1}.Release|iPhoneSimulator.Build.0 = Release|Any CPU
		{B9916462-57B0-4F2F-8D79-BFAED0894AD1}.Release|x64.ActiveCfg = Release|Any CPU
		{B9916462-57B0-4F2F-8D79-BFAED0894AD1}.Release|x64.Build.0 = Release|Any CPU
		{B9916462-57B0-4F2F-8D79-BFAED0894AD1}.Release|x86.ActiveCfg = Release|Any CPU
		{B9916462-57B0-4F2F-8D79-BFAED0894AD1}.Release|x86.Build.0 = Release|Any CPU
		{AE758CAF-4B9E-48EC-9BBF-81DCD19AFD4E}.Debug|Any CPU.ActiveCfg = Debug|Any CPU
		{AE758CAF-4B9E-48EC-9BBF-81DCD19AFD4E}.Debug|Any CPU.Build.0 = Debug|Any CPU
		{AE758CAF-4B9E-48EC-9BBF-81DCD19AFD4E}.Debug|ARM.ActiveCfg = Debug|Any CPU
		{AE758CAF-4B9E-48EC-9BBF-81DCD19AFD4E}.Debug|ARM.Build.0 = Debug|Any CPU
		{AE758CAF-4B9E-48EC-9BBF-81DCD19AFD4E}.Debug|iPhone.ActiveCfg = Debug|Any CPU
		{AE758CAF-4B9E-48EC-9BBF-81DCD19AFD4E}.Debug|iPhone.Build.0 = Debug|Any CPU
		{AE758CAF-4B9E-48EC-9BBF-81DCD19AFD4E}.Debug|iPhoneSimulator.ActiveCfg = Debug|Any CPU
		{AE758CAF-4B9E-48EC-9BBF-81DCD19AFD4E}.Debug|iPhoneSimulator.Build.0 = Debug|Any CPU
		{AE758CAF-4B9E-48EC-9BBF-81DCD19AFD4E}.Debug|x64.ActiveCfg = Debug|Any CPU
		{AE758CAF-4B9E-48EC-9BBF-81DCD19AFD4E}.Debug|x64.Build.0 = Debug|Any CPU
		{AE758CAF-4B9E-48EC-9BBF-81DCD19AFD4E}.Debug|x86.ActiveCfg = Debug|Any CPU
		{AE758CAF-4B9E-48EC-9BBF-81DCD19AFD4E}.Debug|x86.Build.0 = Debug|Any CPU
		{AE758CAF-4B9E-48EC-9BBF-81DCD19AFD4E}.Release|Any CPU.ActiveCfg = Release|Any CPU
		{AE758CAF-4B9E-48EC-9BBF-81DCD19AFD4E}.Release|Any CPU.Build.0 = Release|Any CPU
		{AE758CAF-4B9E-48EC-9BBF-81DCD19AFD4E}.Release|ARM.ActiveCfg = Release|Any CPU
		{AE758CAF-4B9E-48EC-9BBF-81DCD19AFD4E}.Release|ARM.Build.0 = Release|Any CPU
		{AE758CAF-4B9E-48EC-9BBF-81DCD19AFD4E}.Release|iPhone.ActiveCfg = Release|Any CPU
		{AE758CAF-4B9E-48EC-9BBF-81DCD19AFD4E}.Release|iPhone.Build.0 = Release|Any CPU
		{AE758CAF-4B9E-48EC-9BBF-81DCD19AFD4E}.Release|iPhoneSimulator.ActiveCfg = Release|Any CPU
		{AE758CAF-4B9E-48EC-9BBF-81DCD19AFD4E}.Release|iPhoneSimulator.Build.0 = Release|Any CPU
		{AE758CAF-4B9E-48EC-9BBF-81DCD19AFD4E}.Release|x64.ActiveCfg = Release|Any CPU
		{AE758CAF-4B9E-48EC-9BBF-81DCD19AFD4E}.Release|x64.Build.0 = Release|Any CPU
		{AE758CAF-4B9E-48EC-9BBF-81DCD19AFD4E}.Release|x86.ActiveCfg = Release|Any CPU
		{AE758CAF-4B9E-48EC-9BBF-81DCD19AFD4E}.Release|x86.Build.0 = Release|Any CPU
		{EFB79B68-F718-4DFD-AC44-95C78F0E7E8C}.Debug|Any CPU.ActiveCfg = Debug|Any CPU
		{EFB79B68-F718-4DFD-AC44-95C78F0E7E8C}.Debug|Any CPU.Build.0 = Debug|Any CPU
		{EFB79B68-F718-4DFD-AC44-95C78F0E7E8C}.Debug|ARM.ActiveCfg = Debug|Any CPU
		{EFB79B68-F718-4DFD-AC44-95C78F0E7E8C}.Debug|ARM.Build.0 = Debug|Any CPU
		{EFB79B68-F718-4DFD-AC44-95C78F0E7E8C}.Debug|iPhone.ActiveCfg = Debug|Any CPU
		{EFB79B68-F718-4DFD-AC44-95C78F0E7E8C}.Debug|iPhone.Build.0 = Debug|Any CPU
		{EFB79B68-F718-4DFD-AC44-95C78F0E7E8C}.Debug|iPhoneSimulator.ActiveCfg = Debug|Any CPU
		{EFB79B68-F718-4DFD-AC44-95C78F0E7E8C}.Debug|iPhoneSimulator.Build.0 = Debug|Any CPU
		{EFB79B68-F718-4DFD-AC44-95C78F0E7E8C}.Debug|x64.ActiveCfg = Debug|Any CPU
		{EFB79B68-F718-4DFD-AC44-95C78F0E7E8C}.Debug|x64.Build.0 = Debug|Any CPU
		{EFB79B68-F718-4DFD-AC44-95C78F0E7E8C}.Debug|x86.ActiveCfg = Debug|Any CPU
		{EFB79B68-F718-4DFD-AC44-95C78F0E7E8C}.Debug|x86.Build.0 = Debug|Any CPU
		{EFB79B68-F718-4DFD-AC44-95C78F0E7E8C}.Release|Any CPU.ActiveCfg = Release|Any CPU
		{EFB79B68-F718-4DFD-AC44-95C78F0E7E8C}.Release|Any CPU.Build.0 = Release|Any CPU
		{EFB79B68-F718-4DFD-AC44-95C78F0E7E8C}.Release|ARM.ActiveCfg = Release|Any CPU
		{EFB79B68-F718-4DFD-AC44-95C78F0E7E8C}.Release|ARM.Build.0 = Release|Any CPU
		{EFB79B68-F718-4DFD-AC44-95C78F0E7E8C}.Release|iPhone.ActiveCfg = Release|Any CPU
		{EFB79B68-F718-4DFD-AC44-95C78F0E7E8C}.Release|iPhone.Build.0 = Release|Any CPU
		{EFB79B68-F718-4DFD-AC44-95C78F0E7E8C}.Release|iPhoneSimulator.ActiveCfg = Release|Any CPU
		{EFB79B68-F718-4DFD-AC44-95C78F0E7E8C}.Release|iPhoneSimulator.Build.0 = Release|Any CPU
		{EFB79B68-F718-4DFD-AC44-95C78F0E7E8C}.Release|x64.ActiveCfg = Release|Any CPU
		{EFB79B68-F718-4DFD-AC44-95C78F0E7E8C}.Release|x64.Build.0 = Release|Any CPU
		{EFB79B68-F718-4DFD-AC44-95C78F0E7E8C}.Release|x86.ActiveCfg = Release|Any CPU
		{EFB79B68-F718-4DFD-AC44-95C78F0E7E8C}.Release|x86.Build.0 = Release|Any CPU
		{883E51DA-7B6D-D54D-1946-C71DE29CD127}.Debug|Any CPU.ActiveCfg = Debug|Any CPU
		{883E51DA-7B6D-D54D-1946-C71DE29CD127}.Debug|Any CPU.Build.0 = Debug|Any CPU
		{883E51DA-7B6D-D54D-1946-C71DE29CD127}.Debug|ARM.ActiveCfg = Debug|Any CPU
		{883E51DA-7B6D-D54D-1946-C71DE29CD127}.Debug|ARM.Build.0 = Debug|Any CPU
		{883E51DA-7B6D-D54D-1946-C71DE29CD127}.Debug|iPhone.ActiveCfg = Debug|Any CPU
		{883E51DA-7B6D-D54D-1946-C71DE29CD127}.Debug|iPhone.Build.0 = Debug|Any CPU
		{883E51DA-7B6D-D54D-1946-C71DE29CD127}.Debug|iPhoneSimulator.ActiveCfg = Debug|Any CPU
		{883E51DA-7B6D-D54D-1946-C71DE29CD127}.Debug|iPhoneSimulator.Build.0 = Debug|Any CPU
		{883E51DA-7B6D-D54D-1946-C71DE29CD127}.Debug|x64.ActiveCfg = Debug|Any CPU
		{883E51DA-7B6D-D54D-1946-C71DE29CD127}.Debug|x64.Build.0 = Debug|Any CPU
		{883E51DA-7B6D-D54D-1946-C71DE29CD127}.Debug|x86.ActiveCfg = Debug|Any CPU
		{883E51DA-7B6D-D54D-1946-C71DE29CD127}.Debug|x86.Build.0 = Debug|Any CPU
		{883E51DA-7B6D-D54D-1946-C71DE29CD127}.Release|Any CPU.ActiveCfg = Release|Any CPU
		{883E51DA-7B6D-D54D-1946-C71DE29CD127}.Release|Any CPU.Build.0 = Release|Any CPU
		{883E51DA-7B6D-D54D-1946-C71DE29CD127}.Release|ARM.ActiveCfg = Release|Any CPU
		{883E51DA-7B6D-D54D-1946-C71DE29CD127}.Release|ARM.Build.0 = Release|Any CPU
		{883E51DA-7B6D-D54D-1946-C71DE29CD127}.Release|iPhone.ActiveCfg = Release|Any CPU
		{883E51DA-7B6D-D54D-1946-C71DE29CD127}.Release|iPhone.Build.0 = Release|Any CPU
		{883E51DA-7B6D-D54D-1946-C71DE29CD127}.Release|iPhoneSimulator.ActiveCfg = Release|Any CPU
		{883E51DA-7B6D-D54D-1946-C71DE29CD127}.Release|iPhoneSimulator.Build.0 = Release|Any CPU
		{883E51DA-7B6D-D54D-1946-C71DE29CD127}.Release|x64.ActiveCfg = Release|Any CPU
		{883E51DA-7B6D-D54D-1946-C71DE29CD127}.Release|x64.Build.0 = Release|Any CPU
		{883E51DA-7B6D-D54D-1946-C71DE29CD127}.Release|x86.ActiveCfg = Release|Any CPU
		{883E51DA-7B6D-D54D-1946-C71DE29CD127}.Release|x86.Build.0 = Release|Any CPU
		{212A14C2-9470-406D-71EB-7C01B39977AC}.Debug|Any CPU.ActiveCfg = Debug|Any CPU
		{212A14C2-9470-406D-71EB-7C01B39977AC}.Debug|Any CPU.Build.0 = Debug|Any CPU
		{212A14C2-9470-406D-71EB-7C01B39977AC}.Debug|ARM.ActiveCfg = Debug|Any CPU
		{212A14C2-9470-406D-71EB-7C01B39977AC}.Debug|ARM.Build.0 = Debug|Any CPU
		{212A14C2-9470-406D-71EB-7C01B39977AC}.Debug|iPhone.ActiveCfg = Debug|Any CPU
		{212A14C2-9470-406D-71EB-7C01B39977AC}.Debug|iPhone.Build.0 = Debug|Any CPU
		{212A14C2-9470-406D-71EB-7C01B39977AC}.Debug|iPhoneSimulator.ActiveCfg = Debug|Any CPU
		{212A14C2-9470-406D-71EB-7C01B39977AC}.Debug|iPhoneSimulator.Build.0 = Debug|Any CPU
		{212A14C2-9470-406D-71EB-7C01B39977AC}.Debug|x64.ActiveCfg = Debug|Any CPU
		{212A14C2-9470-406D-71EB-7C01B39977AC}.Debug|x64.Build.0 = Debug|Any CPU
		{212A14C2-9470-406D-71EB-7C01B39977AC}.Debug|x86.ActiveCfg = Debug|Any CPU
		{212A14C2-9470-406D-71EB-7C01B39977AC}.Debug|x86.Build.0 = Debug|Any CPU
		{212A14C2-9470-406D-71EB-7C01B39977AC}.Release|Any CPU.ActiveCfg = Release|Any CPU
		{212A14C2-9470-406D-71EB-7C01B39977AC}.Release|Any CPU.Build.0 = Release|Any CPU
		{212A14C2-9470-406D-71EB-7C01B39977AC}.Release|ARM.ActiveCfg = Release|Any CPU
		{212A14C2-9470-406D-71EB-7C01B39977AC}.Release|ARM.Build.0 = Release|Any CPU
		{212A14C2-9470-406D-71EB-7C01B39977AC}.Release|iPhone.ActiveCfg = Release|Any CPU
		{212A14C2-9470-406D-71EB-7C01B39977AC}.Release|iPhone.Build.0 = Release|Any CPU
		{212A14C2-9470-406D-71EB-7C01B39977AC}.Release|iPhoneSimulator.ActiveCfg = Release|Any CPU
		{212A14C2-9470-406D-71EB-7C01B39977AC}.Release|iPhoneSimulator.Build.0 = Release|Any CPU
		{212A14C2-9470-406D-71EB-7C01B39977AC}.Release|x64.ActiveCfg = Release|Any CPU
		{212A14C2-9470-406D-71EB-7C01B39977AC}.Release|x64.Build.0 = Release|Any CPU
		{212A14C2-9470-406D-71EB-7C01B39977AC}.Release|x86.ActiveCfg = Release|Any CPU
		{212A14C2-9470-406D-71EB-7C01B39977AC}.Release|x86.Build.0 = Release|Any CPU
		{73955CC3-E029-88ED-0A2D-CC532A5A555C}.Debug|Any CPU.ActiveCfg = Debug|Any CPU
		{73955CC3-E029-88ED-0A2D-CC532A5A555C}.Debug|Any CPU.Build.0 = Debug|Any CPU
		{73955CC3-E029-88ED-0A2D-CC532A5A555C}.Debug|ARM.ActiveCfg = Debug|Any CPU
		{73955CC3-E029-88ED-0A2D-CC532A5A555C}.Debug|ARM.Build.0 = Debug|Any CPU
		{73955CC3-E029-88ED-0A2D-CC532A5A555C}.Debug|iPhone.ActiveCfg = Debug|Any CPU
		{73955CC3-E029-88ED-0A2D-CC532A5A555C}.Debug|iPhone.Build.0 = Debug|Any CPU
		{73955CC3-E029-88ED-0A2D-CC532A5A555C}.Debug|iPhoneSimulator.ActiveCfg = Debug|Any CPU
		{73955CC3-E029-88ED-0A2D-CC532A5A555C}.Debug|iPhoneSimulator.Build.0 = Debug|Any CPU
		{73955CC3-E029-88ED-0A2D-CC532A5A555C}.Debug|x64.ActiveCfg = Debug|Any CPU
		{73955CC3-E029-88ED-0A2D-CC532A5A555C}.Debug|x64.Build.0 = Debug|Any CPU
		{73955CC3-E029-88ED-0A2D-CC532A5A555C}.Debug|x86.ActiveCfg = Debug|Any CPU
		{73955CC3-E029-88ED-0A2D-CC532A5A555C}.Debug|x86.Build.0 = Debug|Any CPU
		{73955CC3-E029-88ED-0A2D-CC532A5A555C}.Release|Any CPU.ActiveCfg = Release|Any CPU
		{73955CC3-E029-88ED-0A2D-CC532A5A555C}.Release|Any CPU.Build.0 = Release|Any CPU
		{73955CC3-E029-88ED-0A2D-CC532A5A555C}.Release|ARM.ActiveCfg = Release|Any CPU
		{73955CC3-E029-88ED-0A2D-CC532A5A555C}.Release|ARM.Build.0 = Release|Any CPU
		{73955CC3-E029-88ED-0A2D-CC532A5A555C}.Release|iPhone.ActiveCfg = Release|Any CPU
		{73955CC3-E029-88ED-0A2D-CC532A5A555C}.Release|iPhone.Build.0 = Release|Any CPU
		{73955CC3-E029-88ED-0A2D-CC532A5A555C}.Release|iPhoneSimulator.ActiveCfg = Release|Any CPU
		{73955CC3-E029-88ED-0A2D-CC532A5A555C}.Release|iPhoneSimulator.Build.0 = Release|Any CPU
		{73955CC3-E029-88ED-0A2D-CC532A5A555C}.Release|x64.ActiveCfg = Release|Any CPU
		{73955CC3-E029-88ED-0A2D-CC532A5A555C}.Release|x64.Build.0 = Release|Any CPU
		{73955CC3-E029-88ED-0A2D-CC532A5A555C}.Release|x86.ActiveCfg = Release|Any CPU
		{73955CC3-E029-88ED-0A2D-CC532A5A555C}.Release|x86.Build.0 = Release|Any CPU
		{2EA3BF75-4FEA-2F80-4A10-F46EC40644A6}.Debug|Any CPU.ActiveCfg = Debug|Any CPU
		{2EA3BF75-4FEA-2F80-4A10-F46EC40644A6}.Debug|Any CPU.Build.0 = Debug|Any CPU
		{2EA3BF75-4FEA-2F80-4A10-F46EC40644A6}.Debug|ARM.ActiveCfg = Debug|Any CPU
		{2EA3BF75-4FEA-2F80-4A10-F46EC40644A6}.Debug|ARM.Build.0 = Debug|Any CPU
		{2EA3BF75-4FEA-2F80-4A10-F46EC40644A6}.Debug|iPhone.ActiveCfg = Debug|Any CPU
		{2EA3BF75-4FEA-2F80-4A10-F46EC40644A6}.Debug|iPhone.Build.0 = Debug|Any CPU
		{2EA3BF75-4FEA-2F80-4A10-F46EC40644A6}.Debug|iPhoneSimulator.ActiveCfg = Debug|Any CPU
		{2EA3BF75-4FEA-2F80-4A10-F46EC40644A6}.Debug|iPhoneSimulator.Build.0 = Debug|Any CPU
		{2EA3BF75-4FEA-2F80-4A10-F46EC40644A6}.Debug|x64.ActiveCfg = Debug|Any CPU
		{2EA3BF75-4FEA-2F80-4A10-F46EC40644A6}.Debug|x64.Build.0 = Debug|Any CPU
		{2EA3BF75-4FEA-2F80-4A10-F46EC40644A6}.Debug|x86.ActiveCfg = Debug|Any CPU
		{2EA3BF75-4FEA-2F80-4A10-F46EC40644A6}.Debug|x86.Build.0 = Debug|Any CPU
		{2EA3BF75-4FEA-2F80-4A10-F46EC40644A6}.Release|Any CPU.ActiveCfg = Release|Any CPU
		{2EA3BF75-4FEA-2F80-4A10-F46EC40644A6}.Release|Any CPU.Build.0 = Release|Any CPU
		{2EA3BF75-4FEA-2F80-4A10-F46EC40644A6}.Release|ARM.ActiveCfg = Release|Any CPU
		{2EA3BF75-4FEA-2F80-4A10-F46EC40644A6}.Release|ARM.Build.0 = Release|Any CPU
		{2EA3BF75-4FEA-2F80-4A10-F46EC40644A6}.Release|iPhone.ActiveCfg = Release|Any CPU
		{2EA3BF75-4FEA-2F80-4A10-F46EC40644A6}.Release|iPhone.Build.0 = Release|Any CPU
		{2EA3BF75-4FEA-2F80-4A10-F46EC40644A6}.Release|iPhoneSimulator.ActiveCfg = Release|Any CPU
		{2EA3BF75-4FEA-2F80-4A10-F46EC40644A6}.Release|iPhoneSimulator.Build.0 = Release|Any CPU
		{2EA3BF75-4FEA-2F80-4A10-F46EC40644A6}.Release|x64.ActiveCfg = Release|Any CPU
		{2EA3BF75-4FEA-2F80-4A10-F46EC40644A6}.Release|x64.Build.0 = Release|Any CPU
		{2EA3BF75-4FEA-2F80-4A10-F46EC40644A6}.Release|x86.ActiveCfg = Release|Any CPU
		{2EA3BF75-4FEA-2F80-4A10-F46EC40644A6}.Release|x86.Build.0 = Release|Any CPU
		{FA20A8E5-BA01-1898-45F3-0E2BAF03EAB2}.Debug|Any CPU.ActiveCfg = Debug|Any CPU
		{FA20A8E5-BA01-1898-45F3-0E2BAF03EAB2}.Debug|Any CPU.Build.0 = Debug|Any CPU
		{FA20A8E5-BA01-1898-45F3-0E2BAF03EAB2}.Debug|ARM.ActiveCfg = Debug|Any CPU
		{FA20A8E5-BA01-1898-45F3-0E2BAF03EAB2}.Debug|ARM.Build.0 = Debug|Any CPU
		{FA20A8E5-BA01-1898-45F3-0E2BAF03EAB2}.Debug|iPhone.ActiveCfg = Debug|Any CPU
		{FA20A8E5-BA01-1898-45F3-0E2BAF03EAB2}.Debug|iPhone.Build.0 = Debug|Any CPU
		{FA20A8E5-BA01-1898-45F3-0E2BAF03EAB2}.Debug|iPhoneSimulator.ActiveCfg = Debug|Any CPU
		{FA20A8E5-BA01-1898-45F3-0E2BAF03EAB2}.Debug|iPhoneSimulator.Build.0 = Debug|Any CPU
		{FA20A8E5-BA01-1898-45F3-0E2BAF03EAB2}.Debug|x64.ActiveCfg = Debug|Any CPU
		{FA20A8E5-BA01-1898-45F3-0E2BAF03EAB2}.Debug|x64.Build.0 = Debug|Any CPU
		{FA20A8E5-BA01-1898-45F3-0E2BAF03EAB2}.Debug|x86.ActiveCfg = Debug|Any CPU
		{FA20A8E5-BA01-1898-45F3-0E2BAF03EAB2}.Debug|x86.Build.0 = Debug|Any CPU
		{FA20A8E5-BA01-1898-45F3-0E2BAF03EAB2}.Release|Any CPU.ActiveCfg = Release|Any CPU
		{FA20A8E5-BA01-1898-45F3-0E2BAF03EAB2}.Release|Any CPU.Build.0 = Release|Any CPU
		{FA20A8E5-BA01-1898-45F3-0E2BAF03EAB2}.Release|ARM.ActiveCfg = Release|Any CPU
		{FA20A8E5-BA01-1898-45F3-0E2BAF03EAB2}.Release|ARM.Build.0 = Release|Any CPU
		{FA20A8E5-BA01-1898-45F3-0E2BAF03EAB2}.Release|iPhone.ActiveCfg = Release|Any CPU
		{FA20A8E5-BA01-1898-45F3-0E2BAF03EAB2}.Release|iPhone.Build.0 = Release|Any CPU
		{FA20A8E5-BA01-1898-45F3-0E2BAF03EAB2}.Release|iPhoneSimulator.ActiveCfg = Release|Any CPU
		{FA20A8E5-BA01-1898-45F3-0E2BAF03EAB2}.Release|iPhoneSimulator.Build.0 = Release|Any CPU
		{FA20A8E5-BA01-1898-45F3-0E2BAF03EAB2}.Release|x64.ActiveCfg = Release|Any CPU
		{FA20A8E5-BA01-1898-45F3-0E2BAF03EAB2}.Release|x64.Build.0 = Release|Any CPU
		{FA20A8E5-BA01-1898-45F3-0E2BAF03EAB2}.Release|x86.ActiveCfg = Release|Any CPU
		{FA20A8E5-BA01-1898-45F3-0E2BAF03EAB2}.Release|x86.Build.0 = Release|Any CPU
		{4B4DEF36-6B82-9EB6-3CB3-682144B7F7F8}.Debug|Any CPU.ActiveCfg = Debug|Any CPU
		{4B4DEF36-6B82-9EB6-3CB3-682144B7F7F8}.Debug|Any CPU.Build.0 = Debug|Any CPU
		{4B4DEF36-6B82-9EB6-3CB3-682144B7F7F8}.Debug|ARM.ActiveCfg = Debug|Any CPU
		{4B4DEF36-6B82-9EB6-3CB3-682144B7F7F8}.Debug|ARM.Build.0 = Debug|Any CPU
		{4B4DEF36-6B82-9EB6-3CB3-682144B7F7F8}.Debug|iPhone.ActiveCfg = Debug|Any CPU
		{4B4DEF36-6B82-9EB6-3CB3-682144B7F7F8}.Debug|iPhone.Build.0 = Debug|Any CPU
		{4B4DEF36-6B82-9EB6-3CB3-682144B7F7F8}.Debug|iPhoneSimulator.ActiveCfg = Debug|Any CPU
		{4B4DEF36-6B82-9EB6-3CB3-682144B7F7F8}.Debug|iPhoneSimulator.Build.0 = Debug|Any CPU
		{4B4DEF36-6B82-9EB6-3CB3-682144B7F7F8}.Debug|x64.ActiveCfg = Debug|Any CPU
		{4B4DEF36-6B82-9EB6-3CB3-682144B7F7F8}.Debug|x64.Build.0 = Debug|Any CPU
		{4B4DEF36-6B82-9EB6-3CB3-682144B7F7F8}.Debug|x86.ActiveCfg = Debug|Any CPU
		{4B4DEF36-6B82-9EB6-3CB3-682144B7F7F8}.Debug|x86.Build.0 = Debug|Any CPU
		{4B4DEF36-6B82-9EB6-3CB3-682144B7F7F8}.Release|Any CPU.ActiveCfg = Release|Any CPU
		{4B4DEF36-6B82-9EB6-3CB3-682144B7F7F8}.Release|Any CPU.Build.0 = Release|Any CPU
		{4B4DEF36-6B82-9EB6-3CB3-682144B7F7F8}.Release|ARM.ActiveCfg = Release|Any CPU
		{4B4DEF36-6B82-9EB6-3CB3-682144B7F7F8}.Release|ARM.Build.0 = Release|Any CPU
		{4B4DEF36-6B82-9EB6-3CB3-682144B7F7F8}.Release|iPhone.ActiveCfg = Release|Any CPU
		{4B4DEF36-6B82-9EB6-3CB3-682144B7F7F8}.Release|iPhone.Build.0 = Release|Any CPU
		{4B4DEF36-6B82-9EB6-3CB3-682144B7F7F8}.Release|iPhoneSimulator.ActiveCfg = Release|Any CPU
		{4B4DEF36-6B82-9EB6-3CB3-682144B7F7F8}.Release|iPhoneSimulator.Build.0 = Release|Any CPU
		{4B4DEF36-6B82-9EB6-3CB3-682144B7F7F8}.Release|x64.ActiveCfg = Release|Any CPU
		{4B4DEF36-6B82-9EB6-3CB3-682144B7F7F8}.Release|x64.Build.0 = Release|Any CPU
		{4B4DEF36-6B82-9EB6-3CB3-682144B7F7F8}.Release|x86.ActiveCfg = Release|Any CPU
		{4B4DEF36-6B82-9EB6-3CB3-682144B7F7F8}.Release|x86.Build.0 = Release|Any CPU
		{E0317D26-2507-1808-BCD3-0F65917EEDBD}.Debug|Any CPU.ActiveCfg = Debug|Any CPU
		{E0317D26-2507-1808-BCD3-0F65917EEDBD}.Debug|Any CPU.Build.0 = Debug|Any CPU
		{E0317D26-2507-1808-BCD3-0F65917EEDBD}.Debug|ARM.ActiveCfg = Debug|Any CPU
		{E0317D26-2507-1808-BCD3-0F65917EEDBD}.Debug|ARM.Build.0 = Debug|Any CPU
		{E0317D26-2507-1808-BCD3-0F65917EEDBD}.Debug|iPhone.ActiveCfg = Debug|Any CPU
		{E0317D26-2507-1808-BCD3-0F65917EEDBD}.Debug|iPhone.Build.0 = Debug|Any CPU
		{E0317D26-2507-1808-BCD3-0F65917EEDBD}.Debug|iPhoneSimulator.ActiveCfg = Debug|Any CPU
		{E0317D26-2507-1808-BCD3-0F65917EEDBD}.Debug|iPhoneSimulator.Build.0 = Debug|Any CPU
		{E0317D26-2507-1808-BCD3-0F65917EEDBD}.Debug|x64.ActiveCfg = Debug|Any CPU
		{E0317D26-2507-1808-BCD3-0F65917EEDBD}.Debug|x64.Build.0 = Debug|Any CPU
		{E0317D26-2507-1808-BCD3-0F65917EEDBD}.Debug|x86.ActiveCfg = Debug|Any CPU
		{E0317D26-2507-1808-BCD3-0F65917EEDBD}.Debug|x86.Build.0 = Debug|Any CPU
		{E0317D26-2507-1808-BCD3-0F65917EEDBD}.Release|Any CPU.ActiveCfg = Release|Any CPU
		{E0317D26-2507-1808-BCD3-0F65917EEDBD}.Release|Any CPU.Build.0 = Release|Any CPU
		{E0317D26-2507-1808-BCD3-0F65917EEDBD}.Release|ARM.ActiveCfg = Release|Any CPU
		{E0317D26-2507-1808-BCD3-0F65917EEDBD}.Release|ARM.Build.0 = Release|Any CPU
		{E0317D26-2507-1808-BCD3-0F65917EEDBD}.Release|iPhone.ActiveCfg = Release|Any CPU
		{E0317D26-2507-1808-BCD3-0F65917EEDBD}.Release|iPhone.Build.0 = Release|Any CPU
		{E0317D26-2507-1808-BCD3-0F65917EEDBD}.Release|iPhoneSimulator.ActiveCfg = Release|Any CPU
		{E0317D26-2507-1808-BCD3-0F65917EEDBD}.Release|iPhoneSimulator.Build.0 = Release|Any CPU
		{E0317D26-2507-1808-BCD3-0F65917EEDBD}.Release|x64.ActiveCfg = Release|Any CPU
		{E0317D26-2507-1808-BCD3-0F65917EEDBD}.Release|x64.Build.0 = Release|Any CPU
		{E0317D26-2507-1808-BCD3-0F65917EEDBD}.Release|x86.ActiveCfg = Release|Any CPU
		{E0317D26-2507-1808-BCD3-0F65917EEDBD}.Release|x86.Build.0 = Release|Any CPU
	EndGlobalSection
	GlobalSection(SolutionProperties) = preSolution
		HideSolutionNode = FALSE
	EndGlobalSection
	GlobalSection(NestedProjects) = preSolution
		{AB1DD661-F690-41EB-BB52-A3962E4754B7} = {515C2FFD-32C9-4521-9671-A50B922CE976}
		{EEB77622-876E-4497-BE54-059C833043BA} = {515C2FFD-32C9-4521-9671-A50B922CE976}
		{81BFCAE9-867A-40E8-B45A-DDC9573849C7} = {515C2FFD-32C9-4521-9671-A50B922CE976}
		{FB577E7B-0176-452D-B8EA-97ED330CD4D0} = {515C2FFD-32C9-4521-9671-A50B922CE976}
		{83A4F6CE-F300-4857-8A3A-8E0556CC7950} = {515C2FFD-32C9-4521-9671-A50B922CE976}
		{98FB7ABE-DBE3-43EF-8102-D024F44B3FD0} = {515C2FFD-32C9-4521-9671-A50B922CE976}
		{40AE1185-3C26-40C2-BB99-95D2BBACBDA4} = {515C2FFD-32C9-4521-9671-A50B922CE976}
		{446BE86D-4FFF-4EEF-A7EA-55E64C56C427} = {515C2FFD-32C9-4521-9671-A50B922CE976}
		{9FAFD4D5-8F1D-4F2C-AF02-F6E8EACF625C} = {515C2FFD-32C9-4521-9671-A50B922CE976}
		{83C17C17-D457-4E6E-B460-A5755B04D38D} = {515C2FFD-32C9-4521-9671-A50B922CE976}
		{93F5CEFA-AB26-4530-A918-924F95F9A9A7} = {515C2FFD-32C9-4521-9671-A50B922CE976}
		{B9916462-57B0-4F2F-8D79-BFAED0894AD1} = {515C2FFD-32C9-4521-9671-A50B922CE976}
		{EFB79B68-F718-4DFD-AC44-95C78F0E7E8C} = {515C2FFD-32C9-4521-9671-A50B922CE976}
		{883E51DA-7B6D-D54D-1946-C71DE29CD127} = {515C2FFD-32C9-4521-9671-A50B922CE976}
		{212A14C2-9470-406D-71EB-7C01B39977AC} = {D941061B-AC9E-4E49-A875-143AF1978A2E}
		{73955CC3-E029-88ED-0A2D-CC532A5A555C} = {D941061B-AC9E-4E49-A875-143AF1978A2E}
		{2EA3BF75-4FEA-2F80-4A10-F46EC40644A6} = {D941061B-AC9E-4E49-A875-143AF1978A2E}
		{FA20A8E5-BA01-1898-45F3-0E2BAF03EAB2} = {D941061B-AC9E-4E49-A875-143AF1978A2E}
		{E0317D26-2507-1808-BCD3-0F65917EEDBD} = {515C2FFD-32C9-4521-9671-A50B922CE976}
	EndGlobalSection
	GlobalSection(ExtensibilityGlobals) = postSolution
		SolutionGuid = {FC651710-D6F3-492D-9CF4-14892745A17E}
	EndGlobalSection
EndGlobal
